// !$*UTF8*$!
{
	archiveVersion = 1;
	classes = {
	};
	objectVersion = 48;
	objects = {

/* Begin PBXBuildFile section */
		BE1351E9BEB79286081471DB /* libPods-NNews.a in Frameworks */ = {isa = PBXBuildFile; fileRef = 450F700E5C37477FC145B41A /* libPods-NNews.a */; };
		E2257EDE1FAD61D6006C14C4 /* ZKDetailViewController.m in Sources */ = {isa = PBXBuildFile; fileRef = E2257EDD1FAD61D6006C14C4 /* ZKDetailViewController.m */; };
		E2257EE31FAD6308006C14C4 /* ZKDetailHeaderView.m in Sources */ = {isa = PBXBuildFile; fileRef = E2257EE21FAD6308006C14C4 /* ZKDetailHeaderView.m */; };
		E2257EE61FAD6980006C14C4 /* ZKDetailTableViewCell.m in Sources */ = {isa = PBXBuildFile; fileRef = E2257EE51FAD6980006C14C4 /* ZKDetailTableViewCell.m */; };
		E2257EEC1FAD71CB006C14C4 /* ZKNavigationController.m in Sources */ = {isa = PBXBuildFile; fileRef = E2257EEB1FAD71CB006C14C4 /* ZKNavigationController.m */; };
		E2443FB71FA86C6E00E84C65 /* AppDelegate.m in Sources */ = {isa = PBXBuildFile; fileRef = E2443FB61FA86C6E00E84C65 /* AppDelegate.m */; };
		E2443FBA1FA86C6E00E84C65 /* ViewController.m in Sources */ = {isa = PBXBuildFile; fileRef = E2443FB91FA86C6E00E84C65 /* ViewController.m */; };
		E2443FBD1FA86C6E00E84C65 /* Main.storyboard in Resources */ = {isa = PBXBuildFile; fileRef = E2443FBB1FA86C6E00E84C65 /* Main.storyboard */; };
		E2443FBF1FA86C6E00E84C65 /* Assets.xcassets in Resources */ = {isa = PBXBuildFile; fileRef = E2443FBE1FA86C6E00E84C65 /* Assets.xcassets */; };
		E2443FC21FA86C6E00E84C65 /* LaunchScreen.storyboard in Resources */ = {isa = PBXBuildFile; fileRef = E2443FC01FA86C6E00E84C65 /* LaunchScreen.storyboard */; };
		E2443FC51FA86C6E00E84C65 /* main.m in Sources */ = {isa = PBXBuildFile; fileRef = E2443FC41FA86C6E00E84C65 /* main.m */; };
		E2443FEA1FA86D4400E84C65 /* ZKTabBarViewController.m in Sources */ = {isa = PBXBuildFile; fileRef = E2443FE91FA86D4400E84C65 /* ZKTabBarViewController.m */; };
		E2443FF31FA86FFF00E84C65 /* ZKNewsViewController.m in Sources */ = {isa = PBXBuildFile; fileRef = E2443FF21FA86FFF00E84C65 /* ZKNewsViewController.m */; };
		E2443FF61FA8701300E84C65 /* ZKFunsViewController.m in Sources */ = {isa = PBXBuildFile; fileRef = E2443FF51FA8701300E84C65 /* ZKFunsViewController.m */; };
		E2443FF91FA8704800E84C65 /* ZKStoryViewController.m in Sources */ = {isa = PBXBuildFile; fileRef = E2443FF81FA8704800E84C65 /* ZKStoryViewController.m */; };
		E2443FFC1FA8705300E84C65 /* ZKGameViewController.m in Sources */ = {isa = PBXBuildFile; fileRef = E2443FFB1FA8705300E84C65 /* ZKGameViewController.m */; };
		E2443FFF1FA8706F00E84C65 /* ZKPersonViewController.m in Sources */ = {isa = PBXBuildFile; fileRef = E2443FFE1FA8706F00E84C65 /* ZKPersonViewController.m */; };
		E24440041FA879BF00E84C65 /* ZKNetWorkManager.m in Sources */ = {isa = PBXBuildFile; fileRef = E24440031FA879BF00E84C65 /* ZKNetWorkManager.m */; };
		E24440091FA95E2D00E84C65 /* ZKNewsTableViewCell.m in Sources */ = {isa = PBXBuildFile; fileRef = E24440081FA95E2D00E84C65 /* ZKNewsTableViewCell.m */; };
		E244400D1FA95FAF00E84C65 /* ZKNewsModel.m in Sources */ = {isa = PBXBuildFile; fileRef = E244400C1FA95FAF00E84C65 /* ZKNewsModel.m */; };
		E24440181FA9970A00E84C65 /* ZKWebViewController.m in Sources */ = {isa = PBXBuildFile; fileRef = E24440171FA9970A00E84C65 /* ZKWebViewController.m */; };
		E244401A1FA9982E00E84C65 /* WebKit.framework in Frameworks */ = {isa = PBXBuildFile; fileRef = E24440191FA9982E00E84C65 /* WebKit.framework */; };
		E244401D1FA9A15500E84C65 /* ZKHelperView.m in Sources */ = {isa = PBXBuildFile; fileRef = E244401C1FA9A15500E84C65 /* ZKHelperView.m */; };
		E24440571FA9CFA300E84C65 /* ZKTTVideo.m in Sources */ = {isa = PBXBuildFile; fileRef = E24440561FA9CFA300E84C65 /* ZKTTVideo.m */; };
		E244405A1FA9CFC300E84C65 /* ZKTTVideoComment.m in Sources */ = {isa = PBXBuildFile; fileRef = E24440591FA9CFC300E84C65 /* ZKTTVideoComment.m */; };
		E244405D1FA9CFD600E84C65 /* ZKTTVideoUser.m in Sources */ = {isa = PBXBuildFile; fileRef = E244405C1FA9CFD600E84C65 /* ZKTTVideoUser.m */; };
		E24440601FA9D2F600E84C65 /* ZKFunsTableViewCell.m in Sources */ = {isa = PBXBuildFile; fileRef = E244405F1FA9D2F600E84C65 /* ZKFunsTableViewCell.m */; };
		E24440751FAAE95700E84C65 /* ZKVideoPlayView.m in Sources */ = {isa = PBXBuildFile; fileRef = E24440741FAAE95700E84C65 /* ZKVideoPlayView.m */; };
		E244407B1FAC090B00E84C65 /* NSString+Extension.m in Sources */ = {isa = PBXBuildFile; fileRef = E244407A1FAC090B00E84C65 /* NSString+Extension.m */; };
		E2A88A161FAC5DF500410CBA /* ZKFullViewController.m in Sources */ = {isa = PBXBuildFile; fileRef = E2A88A151FAC5DF500410CBA /* ZKFullViewController.m */; };
		E2F0636B1FB140F300BADD8A /* ZKDetailModelManager.m in Sources */ = {isa = PBXBuildFile; fileRef = E2F0636A1FB140F300BADD8A /* ZKDetailModelManager.m */; };
/* End PBXBuildFile section */

/* Begin PBXFileReference section */
		450F700E5C37477FC145B41A /* libPods-NNews.a */ = {isa = PBXFileReference; explicitFileType = archive.ar; includeInIndex = 0; path = "libPods-NNews.a"; sourceTree = BUILT_PRODUCTS_DIR; };
		801ABD53072112AB10E53CF7 /* Pods-NNews.debug.xcconfig */ = {isa = PBXFileReference; includeInIndex = 1; lastKnownFileType = text.xcconfig; name = "Pods-NNews.debug.xcconfig"; path = "Pods/Target Support Files/Pods-NNews/Pods-NNews.debug.xcconfig"; sourceTree = "<group>"; };
		DB3DA298AE23B0C5F601BC3E /* Pods-NNews.release.xcconfig */ = {isa = PBXFileReference; includeInIndex = 1; lastKnownFileType = text.xcconfig; name = "Pods-NNews.release.xcconfig"; path = "Pods/Target Support Files/Pods-NNews/Pods-NNews.release.xcconfig"; sourceTree = "<group>"; };
		E2257EDC1FAD61D6006C14C4 /* ZKDetailViewController.h */ = {isa = PBXFileReference; lastKnownFileType = sourcecode.c.h; path = ZKDetailViewController.h; sourceTree = "<group>"; };
		E2257EDD1FAD61D6006C14C4 /* ZKDetailViewController.m */ = {isa = PBXFileReference; lastKnownFileType = sourcecode.c.objc; path = ZKDetailViewController.m; sourceTree = "<group>"; };
		E2257EE11FAD6308006C14C4 /* ZKDetailHeaderView.h */ = {isa = PBXFileReference; lastKnownFileType = sourcecode.c.h; path = ZKDetailHeaderView.h; sourceTree = "<group>"; };
		E2257EE21FAD6308006C14C4 /* ZKDetailHeaderView.m */ = {isa = PBXFileReference; lastKnownFileType = sourcecode.c.objc; path = ZKDetailHeaderView.m; sourceTree = "<group>"; };
		E2257EE41FAD6980006C14C4 /* ZKDetailTableViewCell.h */ = {isa = PBXFileReference; lastKnownFileType = sourcecode.c.h; path = ZKDetailTableViewCell.h; sourceTree = "<group>"; };
		E2257EE51FAD6980006C14C4 /* ZKDetailTableViewCell.m */ = {isa = PBXFileReference; lastKnownFileType = sourcecode.c.objc; path = ZKDetailTableViewCell.m; sourceTree = "<group>"; };
		E2257EEA1FAD71CB006C14C4 /* ZKNavigationController.h */ = {isa = PBXFileReference; lastKnownFileType = sourcecode.c.h; path = ZKNavigationController.h; sourceTree = "<group>"; };
		E2257EEB1FAD71CB006C14C4 /* ZKNavigationController.m */ = {isa = PBXFileReference; lastKnownFileType = sourcecode.c.objc; path = ZKNavigationController.m; sourceTree = "<group>"; };
		E2443FB21FA86C6E00E84C65 /* NNews.app */ = {isa = PBXFileReference; explicitFileType = wrapper.application; includeInIndex = 0; path = NNews.app; sourceTree = BUILT_PRODUCTS_DIR; };
		E2443FB51FA86C6E00E84C65 /* AppDelegate.h */ = {isa = PBXFileReference; lastKnownFileType = sourcecode.c.h; path = AppDelegate.h; sourceTree = "<group>"; };
		E2443FB61FA86C6E00E84C65 /* AppDelegate.m */ = {isa = PBXFileReference; lastKnownFileType = sourcecode.c.objc; path = AppDelegate.m; sourceTree = "<group>"; };
		E2443FB81FA86C6E00E84C65 /* ViewController.h */ = {isa = PBXFileReference; lastKnownFileType = sourcecode.c.h; path = ViewController.h; sourceTree = "<group>"; };
		E2443FB91FA86C6E00E84C65 /* ViewController.m */ = {isa = PBXFileReference; lastKnownFileType = sourcecode.c.objc; path = ViewController.m; sourceTree = "<group>"; };
		E2443FBC1FA86C6E00E84C65 /* Base */ = {isa = PBXFileReference; lastKnownFileType = file.storyboard; name = Base; path = Base.lproj/Main.storyboard; sourceTree = "<group>"; };
		E2443FBE1FA86C6E00E84C65 /* Assets.xcassets */ = {isa = PBXFileReference; lastKnownFileType = folder.assetcatalog; path = Assets.xcassets; sourceTree = "<group>"; };
		E2443FC11FA86C6E00E84C65 /* Base */ = {isa = PBXFileReference; lastKnownFileType = file.storyboard; name = Base; path = Base.lproj/LaunchScreen.storyboard; sourceTree = "<group>"; };
		E2443FC31FA86C6E00E84C65 /* Info.plist */ = {isa = PBXFileReference; lastKnownFileType = text.plist.xml; path = Info.plist; sourceTree = "<group>"; };
		E2443FC41FA86C6E00E84C65 /* main.m */ = {isa = PBXFileReference; lastKnownFileType = sourcecode.c.objc; path = main.m; sourceTree = "<group>"; };
		E2443FE81FA86D4400E84C65 /* ZKTabBarViewController.h */ = {isa = PBXFileReference; lastKnownFileType = sourcecode.c.h; path = ZKTabBarViewController.h; sourceTree = "<group>"; };
		E2443FE91FA86D4400E84C65 /* ZKTabBarViewController.m */ = {isa = PBXFileReference; lastKnownFileType = sourcecode.c.objc; path = ZKTabBarViewController.m; sourceTree = "<group>"; };
		E2443FF11FA86FFF00E84C65 /* ZKNewsViewController.h */ = {isa = PBXFileReference; lastKnownFileType = sourcecode.c.h; path = ZKNewsViewController.h; sourceTree = "<group>"; };
		E2443FF21FA86FFF00E84C65 /* ZKNewsViewController.m */ = {isa = PBXFileReference; lastKnownFileType = sourcecode.c.objc; path = ZKNewsViewController.m; sourceTree = "<group>"; };
		E2443FF41FA8701300E84C65 /* ZKFunsViewController.h */ = {isa = PBXFileReference; lastKnownFileType = sourcecode.c.h; path = ZKFunsViewController.h; sourceTree = "<group>"; };
		E2443FF51FA8701300E84C65 /* ZKFunsViewController.m */ = {isa = PBXFileReference; lastKnownFileType = sourcecode.c.objc; path = ZKFunsViewController.m; sourceTree = "<group>"; };
		E2443FF71FA8704800E84C65 /* ZKStoryViewController.h */ = {isa = PBXFileReference; lastKnownFileType = sourcecode.c.h; path = ZKStoryViewController.h; sourceTree = "<group>"; };
		E2443FF81FA8704800E84C65 /* ZKStoryViewController.m */ = {isa = PBXFileReference; lastKnownFileType = sourcecode.c.objc; path = ZKStoryViewController.m; sourceTree = "<group>"; };
		E2443FFA1FA8705300E84C65 /* ZKGameViewController.h */ = {isa = PBXFileReference; lastKnownFileType = sourcecode.c.h; path = ZKGameViewController.h; sourceTree = "<group>"; };
		E2443FFB1FA8705300E84C65 /* ZKGameViewController.m */ = {isa = PBXFileReference; lastKnownFileType = sourcecode.c.objc; path = ZKGameViewController.m; sourceTree = "<group>"; };
		E2443FFD1FA8706F00E84C65 /* ZKPersonViewController.h */ = {isa = PBXFileReference; lastKnownFileType = sourcecode.c.h; path = ZKPersonViewController.h; sourceTree = "<group>"; };
		E2443FFE1FA8706F00E84C65 /* ZKPersonViewController.m */ = {isa = PBXFileReference; lastKnownFileType = sourcecode.c.objc; path = ZKPersonViewController.m; sourceTree = "<group>"; };
		E24440021FA879BF00E84C65 /* ZKNetWorkManager.h */ = {isa = PBXFileReference; lastKnownFileType = sourcecode.c.h; path = ZKNetWorkManager.h; sourceTree = "<group>"; };
		E24440031FA879BF00E84C65 /* ZKNetWorkManager.m */ = {isa = PBXFileReference; lastKnownFileType = sourcecode.c.objc; path = ZKNetWorkManager.m; sourceTree = "<group>"; };
		E24440051FA87C5A00E84C65 /* PrefixHeader.h */ = {isa = PBXFileReference; lastKnownFileType = sourcecode.c.h; path = PrefixHeader.h; sourceTree = "<group>"; };
		E24440071FA95E2D00E84C65 /* ZKNewsTableViewCell.h */ = {isa = PBXFileReference; lastKnownFileType = sourcecode.c.h; path = ZKNewsTableViewCell.h; sourceTree = "<group>"; };
		E24440081FA95E2D00E84C65 /* ZKNewsTableViewCell.m */ = {isa = PBXFileReference; lastKnownFileType = sourcecode.c.objc; path = ZKNewsTableViewCell.m; sourceTree = "<group>"; };
		E244400B1FA95FAF00E84C65 /* ZKNewsModel.h */ = {isa = PBXFileReference; lastKnownFileType = sourcecode.c.h; path = ZKNewsModel.h; sourceTree = "<group>"; };
		E244400C1FA95FAF00E84C65 /* ZKNewsModel.m */ = {isa = PBXFileReference; lastKnownFileType = sourcecode.c.objc; path = ZKNewsModel.m; sourceTree = "<group>"; };
		E24440111FA9602A00E84C65 /* ZKCommandFile.h */ = {isa = PBXFileReference; lastKnownFileType = sourcecode.c.h; path = ZKCommandFile.h; sourceTree = "<group>"; };
		E24440161FA9970A00E84C65 /* ZKWebViewController.h */ = {isa = PBXFileReference; lastKnownFileType = sourcecode.c.h; path = ZKWebViewController.h; sourceTree = "<group>"; };
		E24440171FA9970A00E84C65 /* ZKWebViewController.m */ = {isa = PBXFileReference; lastKnownFileType = sourcecode.c.objc; path = ZKWebViewController.m; sourceTree = "<group>"; };
		E24440191FA9982E00E84C65 /* WebKit.framework */ = {isa = PBXFileReference; lastKnownFileType = wrapper.framework; name = WebKit.framework; path = System/Library/Frameworks/WebKit.framework; sourceTree = SDKROOT; };
		E244401B1FA9A15500E84C65 /* ZKHelperView.h */ = {isa = PBXFileReference; lastKnownFileType = sourcecode.c.h; path = ZKHelperView.h; sourceTree = "<group>"; };
		E244401C1FA9A15500E84C65 /* ZKHelperView.m */ = {isa = PBXFileReference; lastKnownFileType = sourcecode.c.objc; path = ZKHelperView.m; sourceTree = "<group>"; };
		E24440551FA9CFA300E84C65 /* ZKTTVideo.h */ = {isa = PBXFileReference; lastKnownFileType = sourcecode.c.h; path = ZKTTVideo.h; sourceTree = "<group>"; };
		E24440561FA9CFA300E84C65 /* ZKTTVideo.m */ = {isa = PBXFileReference; lastKnownFileType = sourcecode.c.objc; path = ZKTTVideo.m; sourceTree = "<group>"; };
		E24440581FA9CFC300E84C65 /* ZKTTVideoComment.h */ = {isa = PBXFileReference; lastKnownFileType = sourcecode.c.h; path = ZKTTVideoComment.h; sourceTree = "<group>"; };
		E24440591FA9CFC300E84C65 /* ZKTTVideoComment.m */ = {isa = PBXFileReference; lastKnownFileType = sourcecode.c.objc; path = ZKTTVideoComment.m; sourceTree = "<group>"; };
		E244405B1FA9CFD600E84C65 /* ZKTTVideoUser.h */ = {isa = PBXFileReference; lastKnownFileType = sourcecode.c.h; path = ZKTTVideoUser.h; sourceTree = "<group>"; };
		E244405C1FA9CFD600E84C65 /* ZKTTVideoUser.m */ = {isa = PBXFileReference; lastKnownFileType = sourcecode.c.objc; path = ZKTTVideoUser.m; sourceTree = "<group>"; };
		E244405E1FA9D2F600E84C65 /* ZKFunsTableViewCell.h */ = {isa = PBXFileReference; lastKnownFileType = sourcecode.c.h; path = ZKFunsTableViewCell.h; sourceTree = "<group>"; };
		E244405F1FA9D2F600E84C65 /* ZKFunsTableViewCell.m */ = {isa = PBXFileReference; lastKnownFileType = sourcecode.c.objc; path = ZKFunsTableViewCell.m; sourceTree = "<group>"; };
		E24440731FAAE95700E84C65 /* ZKVideoPlayView.h */ = {isa = PBXFileReference; lastKnownFileType = sourcecode.c.h; path = ZKVideoPlayView.h; sourceTree = "<group>"; };
		E24440741FAAE95700E84C65 /* ZKVideoPlayView.m */ = {isa = PBXFileReference; lastKnownFileType = sourcecode.c.objc; path = ZKVideoPlayView.m; sourceTree = "<group>"; };
		E24440791FAC090B00E84C65 /* NSString+Extension.h */ = {isa = PBXFileReference; lastKnownFileType = sourcecode.c.h; path = "NSString+Extension.h"; sourceTree = "<group>"; };
		E244407A1FAC090B00E84C65 /* NSString+Extension.m */ = {isa = PBXFileReference; lastKnownFileType = sourcecode.c.objc; path = "NSString+Extension.m"; sourceTree = "<group>"; };
		E2A88A141FAC5DF500410CBA /* ZKFullViewController.h */ = {isa = PBXFileReference; lastKnownFileType = sourcecode.c.h; path = ZKFullViewController.h; sourceTree = "<group>"; };
		E2A88A151FAC5DF500410CBA /* ZKFullViewController.m */ = {isa = PBXFileReference; lastKnownFileType = sourcecode.c.objc; path = ZKFullViewController.m; sourceTree = "<group>"; };
		E2F063691FB140F300BADD8A /* ZKDetailModelManager.h */ = {isa = PBXFileReference; lastKnownFileType = sourcecode.c.h; path = ZKDetailModelManager.h; sourceTree = "<group>"; };
		E2F0636A1FB140F300BADD8A /* ZKDetailModelManager.m */ = {isa = PBXFileReference; lastKnownFileType = sourcecode.c.objc; path = ZKDetailModelManager.m; sourceTree = "<group>"; };
/* End PBXFileReference section */

/* Begin PBXFrameworksBuildPhase section */
		E2443FAF1FA86C6E00E84C65 /* Frameworks */ = {
			isa = PBXFrameworksBuildPhase;
			buildActionMask = 2147483647;
			files = (
				E244401A1FA9982E00E84C65 /* WebKit.framework in Frameworks */,
				BE1351E9BEB79286081471DB /* libPods-NNews.a in Frameworks */,
			);
			runOnlyForDeploymentPostprocessing = 0;
		};
/* End PBXFrameworksBuildPhase section */

/* Begin PBXGroup section */
		6FDCC559E467A86B3FF06CAB /* Pods */ = {
			isa = PBXGroup;
			children = (
				801ABD53072112AB10E53CF7 /* Pods-NNews.debug.xcconfig */,
				DB3DA298AE23B0C5F601BC3E /* Pods-NNews.release.xcconfig */,
			);
			name = Pods;
			sourceTree = "<group>";
		};
		86AA56849A064FE3D82394B0 /* Frameworks */ = {
			isa = PBXGroup;
			children = (
				E24440191FA9982E00E84C65 /* WebKit.framework */,
				450F700E5C37477FC145B41A /* libPods-NNews.a */,
			);
			name = Frameworks;
			sourceTree = "<group>";
		};
		E2257EDB1FAD61B6006C14C4 /* 详情 */ = {
			isa = PBXGroup;
			children = (
				E2257EDC1FAD61D6006C14C4 /* ZKDetailViewController.h */,
				E2257EDD1FAD61D6006C14C4 /* ZKDetailViewController.m */,
				E2257EE01FAD62EF006C14C4 /* view */,
				E2257EDF1FAD62EF006C14C4 /* model */,
			);
			path = "详情";
			sourceTree = "<group>";
		};
		E2257EDF1FAD62EF006C14C4 /* model */ = {
			isa = PBXGroup;
			children = (
				E2F063691FB140F300BADD8A /* ZKDetailModelManager.h */,
				E2F0636A1FB140F300BADD8A /* ZKDetailModelManager.m */,
			);
			path = model;
			sourceTree = "<group>";
		};
		E2257EE01FAD62EF006C14C4 /* view */ = {
			isa = PBXGroup;
			children = (
				E2257EE11FAD6308006C14C4 /* ZKDetailHeaderView.h */,
				E2257EE21FAD6308006C14C4 /* ZKDetailHeaderView.m */,
				E2257EE41FAD6980006C14C4 /* ZKDetailTableViewCell.h */,
				E2257EE51FAD6980006C14C4 /* ZKDetailTableViewCell.m */,
			);
			path = view;
			sourceTree = "<group>";
		};
		E2443FA91FA86C6D00E84C65 = {
			isa = PBXGroup;
			children = (
				E2443FB41FA86C6E00E84C65 /* NNews */,
				E2443FB31FA86C6E00E84C65 /* Products */,
				6FDCC559E467A86B3FF06CAB /* Pods */,
				86AA56849A064FE3D82394B0 /* Frameworks */,
			);
			sourceTree = "<group>";
		};
		E2443FB31FA86C6E00E84C65 /* Products */ = {
			isa = PBXGroup;
			children = (
				E2443FB21FA86C6E00E84C65 /* NNews.app */,
			);
			name = Products;
			sourceTree = "<group>";
		};
		E2443FB41FA86C6E00E84C65 /* NNews */ = {
			isa = PBXGroup;
			children = (
				E2443FB51FA86C6E00E84C65 /* AppDelegate.h */,
				E2443FB61FA86C6E00E84C65 /* AppDelegate.m */,
				E2443FB81FA86C6E00E84C65 /* ViewController.h */,
				E2443FB91FA86C6E00E84C65 /* ViewController.m */,
				E24440011FA879A300E84C65 /* Category */,
				E24440001FA879A200E84C65 /* Tools */,
				E2443FE71FA86C9700E84C65 /* Main */,
				E2443FEB1FA86F1100E84C65 /* viewControllers */,
				E2443FBB1FA86C6E00E84C65 /* Main.storyboard */,
				E2443FBE1FA86C6E00E84C65 /* Assets.xcassets */,
				E24440051FA87C5A00E84C65 /* PrefixHeader.h */,
				E24440111FA9602A00E84C65 /* ZKCommandFile.h */,
				E2443FC01FA86C6E00E84C65 /* LaunchScreen.storyboard */,
				E2443FC31FA86C6E00E84C65 /* Info.plist */,
				E2443FC41FA86C6E00E84C65 /* main.m */,
			);
			path = NNews;
			sourceTree = "<group>";
		};
		E2443FE71FA86C9700E84C65 /* Main */ = {
			isa = PBXGroup;
			children = (
				E2443FE81FA86D4400E84C65 /* ZKTabBarViewController.h */,
				E2443FE91FA86D4400E84C65 /* ZKTabBarViewController.m */,
				E2257EEA1FAD71CB006C14C4 /* ZKNavigationController.h */,
				E2257EEB1FAD71CB006C14C4 /* ZKNavigationController.m */,
			);
			path = Main;
			sourceTree = "<group>";
		};
		E2443FEB1FA86F1100E84C65 /* viewControllers */ = {
			isa = PBXGroup;
			children = (
				E2443FEC1FA86F5A00E84C65 /* 新闻 */,
				E2443FEE1FA86FB500E84C65 /* 趣事 */,
				E2443FED1FA86FB500E84C65 /* 小说 */,
				E2443FF01FA86FB500E84C65 /* 游戏 */,
				E2443FEF1FA86FB500E84C65 /* 个人 */,
				E24440151FA996E600E84C65 /* WebController */,
				E2257EDB1FAD61B6006C14C4 /* 详情 */,
			);
			path = viewControllers;
			sourceTree = "<group>";
		};
		E2443FEC1FA86F5A00E84C65 /* 新闻 */ = {
			isa = PBXGroup;
			children = (
				E2443FF11FA86FFF00E84C65 /* ZKNewsViewController.h */,
				E2443FF21FA86FFF00E84C65 /* ZKNewsViewController.m */,
				E244400A1FA95F9400E84C65 /* Model */,
				E24440061FA95E0F00E84C65 /* views */,
			);
			path = "新闻";
			sourceTree = "<group>";
		};
		E2443FED1FA86FB500E84C65 /* 小说 */ = {
			isa = PBXGroup;
			children = (
				E2443FF71FA8704800E84C65 /* ZKStoryViewController.h */,
				E2443FF81FA8704800E84C65 /* ZKStoryViewController.m */,
			);
			path = "小说";
			sourceTree = "<group>";
		};
		E2443FEE1FA86FB500E84C65 /* 趣事 */ = {
			isa = PBXGroup;
			children = (
				E2443FF41FA8701300E84C65 /* ZKFunsViewController.h */,
				E2443FF51FA8701300E84C65 /* ZKFunsViewController.m */,
				E2A88A141FAC5DF500410CBA /* ZKFullViewController.h */,
				E2A88A151FAC5DF500410CBA /* ZKFullViewController.m */,
				E24440531FA9C5F600E84C65 /* View */,
				E24440541FA9C5F600E84C65 /* Model */,
			);
			path = "趣事";
			sourceTree = "<group>";
		};
		E2443FEF1FA86FB500E84C65 /* 个人 */ = {
			isa = PBXGroup;
			children = (
				E2443FFD1FA8706F00E84C65 /* ZKPersonViewController.h */,
				E2443FFE1FA8706F00E84C65 /* ZKPersonViewController.m */,
			);
			path = "个人";
			sourceTree = "<group>";
		};
		E2443FF01FA86FB500E84C65 /* 游戏 */ = {
			isa = PBXGroup;
			children = (
				E2443FFA1FA8705300E84C65 /* ZKGameViewController.h */,
				E2443FFB1FA8705300E84C65 /* ZKGameViewController.m */,
			);
			path = "游戏";
			sourceTree = "<group>";
		};
		E24440001FA879A200E84C65 /* Tools */ = {
			isa = PBXGroup;
			children = (
				E24440021FA879BF00E84C65 /* ZKNetWorkManager.h */,
				E24440031FA879BF00E84C65 /* ZKNetWorkManager.m */,
				E244401B1FA9A15500E84C65 /* ZKHelperView.h */,
				E244401C1FA9A15500E84C65 /* ZKHelperView.m */,
			);
			path = Tools;
			sourceTree = "<group>";
		};
		E24440011FA879A300E84C65 /* Category */ = {
			isa = PBXGroup;
			children = (
				E24440791FAC090B00E84C65 /* NSString+Extension.h */,
				E244407A1FAC090B00E84C65 /* NSString+Extension.m */,
			);
			path = Category;
			sourceTree = "<group>";
		};
		E24440061FA95E0F00E84C65 /* views */ = {
			isa = PBXGroup;
			children = (
				E24440071FA95E2D00E84C65 /* ZKNewsTableViewCell.h */,
				E24440081FA95E2D00E84C65 /* ZKNewsTableViewCell.m */,
			);
			path = views;
			sourceTree = "<group>";
		};
		E244400A1FA95F9400E84C65 /* Model */ = {
			isa = PBXGroup;
			children = (
				E244400B1FA95FAF00E84C65 /* ZKNewsModel.h */,
				E244400C1FA95FAF00E84C65 /* ZKNewsModel.m */,
			);
			path = Model;
			sourceTree = "<group>";
		};
		E24440151FA996E600E84C65 /* WebController */ = {
			isa = PBXGroup;
			children = (
				E24440161FA9970A00E84C65 /* ZKWebViewController.h */,
				E24440171FA9970A00E84C65 /* ZKWebViewController.m */,
			);
			path = WebController;
			sourceTree = "<group>";
		};
		E24440531FA9C5F600E84C65 /* View */ = {
			isa = PBXGroup;
			children = (
				E244405E1FA9D2F600E84C65 /* ZKFunsTableViewCell.h */,
				E244405F1FA9D2F600E84C65 /* ZKFunsTableViewCell.m */,
				E24440731FAAE95700E84C65 /* ZKVideoPlayView.h */,
				E24440741FAAE95700E84C65 /* ZKVideoPlayView.m */,
			);
			path = View;
			sourceTree = "<group>";
		};
		E24440541FA9C5F600E84C65 /* Model */ = {
			isa = PBXGroup;
			children = (
				E24440551FA9CFA300E84C65 /* ZKTTVideo.h */,
				E24440561FA9CFA300E84C65 /* ZKTTVideo.m */,
				E24440581FA9CFC300E84C65 /* ZKTTVideoComment.h */,
				E24440591FA9CFC300E84C65 /* ZKTTVideoComment.m */,
				E244405B1FA9CFD600E84C65 /* ZKTTVideoUser.h */,
				E244405C1FA9CFD600E84C65 /* ZKTTVideoUser.m */,
			);
			path = Model;
			sourceTree = "<group>";
		};
/* End PBXGroup section */

/* Begin PBXNativeTarget section */
		E2443FB11FA86C6E00E84C65 /* NNews */ = {
			isa = PBXNativeTarget;
			buildConfigurationList = E2443FDE1FA86C6E00E84C65 /* Build configuration list for PBXNativeTarget "NNews" */;
			buildPhases = (
				51B6540469D5380033E9BEB1 /* [CP] Check Pods Manifest.lock */,
				E2443FAE1FA86C6E00E84C65 /* Sources */,
				E2443FAF1FA86C6E00E84C65 /* Frameworks */,
				E2443FB01FA86C6E00E84C65 /* Resources */,
				EEE46B6EF63361BFF749AF7D /* [CP] Embed Pods Frameworks */,
				779FF7AA554E8DEBB52C8CA0 /* [CP] Copy Pods Resources */,
			);
			buildRules = (
			);
			dependencies = (
			);
			name = NNews;
			productName = NNews;
			productReference = E2443FB21FA86C6E00E84C65 /* NNews.app */;
			productType = "com.apple.product-type.application";
		};
/* End PBXNativeTarget section */

/* Begin PBXProject section */
		E2443FAA1FA86C6D00E84C65 /* Project object */ = {
			isa = PBXProject;
			attributes = {
				LastUpgradeCheck = 0900;
				ORGANIZATIONNAME = Tom;
				TargetAttributes = {
					E2443FB11FA86C6E00E84C65 = {
						CreatedOnToolsVersion = 9.0;
						ProvisioningStyle = Automatic;
					};
				};
			};
			buildConfigurationList = E2443FAD1FA86C6D00E84C65 /* Build configuration list for PBXProject "NNews" */;
			compatibilityVersion = "Xcode 8.0";
			developmentRegion = en;
			hasScannedForEncodings = 0;
			knownRegions = (
				en,
				Base,
			);
			mainGroup = E2443FA91FA86C6D00E84C65;
			productRefGroup = E2443FB31FA86C6E00E84C65 /* Products */;
			projectDirPath = "";
			projectRoot = "";
			targets = (
				E2443FB11FA86C6E00E84C65 /* NNews */,
			);
		};
/* End PBXProject section */

/* Begin PBXResourcesBuildPhase section */
		E2443FB01FA86C6E00E84C65 /* Resources */ = {
			isa = PBXResourcesBuildPhase;
			buildActionMask = 2147483647;
			files = (
				E2443FC21FA86C6E00E84C65 /* LaunchScreen.storyboard in Resources */,
				E2443FBF1FA86C6E00E84C65 /* Assets.xcassets in Resources */,
				E2443FBD1FA86C6E00E84C65 /* Main.storyboard in Resources */,
			);
			runOnlyForDeploymentPostprocessing = 0;
		};
/* End PBXResourcesBuildPhase section */

/* Begin PBXShellScriptBuildPhase section */
		51B6540469D5380033E9BEB1 /* [CP] Check Pods Manifest.lock */ = {
			isa = PBXShellScriptBuildPhase;
			buildActionMask = 2147483647;
			files = (
			);
			inputPaths = (
				"${PODS_PODFILE_DIR_PATH}/Podfile.lock",
				"${PODS_ROOT}/Manifest.lock",
			);
			name = "[CP] Check Pods Manifest.lock";
			outputPaths = (
				"$(DERIVED_FILE_DIR)/Pods-NNews-checkManifestLockResult.txt",
			);
			runOnlyForDeploymentPostprocessing = 0;
			shellPath = /bin/sh;
			shellScript = "diff \"${PODS_PODFILE_DIR_PATH}/Podfile.lock\" \"${PODS_ROOT}/Manifest.lock\" > /dev/null\nif [ $? != 0 ] ; then\n    # print error to STDERR\n    echo \"error: The sandbox is not in sync with the Podfile.lock. Run 'pod install' or update your CocoaPods installation.\" >&2\n    exit 1\nfi\n# This output is used by Xcode 'outputs' to avoid re-running this script phase.\necho \"SUCCESS\" > \"${SCRIPT_OUTPUT_FILE_0}\"\n";
			showEnvVarsInLog = 0;
		};
		779FF7AA554E8DEBB52C8CA0 /* [CP] Copy Pods Resources */ = {
			isa = PBXShellScriptBuildPhase;
			buildActionMask = 2147483647;
			files = (
			);
			inputPaths = (
				"${SRCROOT}/Pods/Target Support Files/Pods-NNews/Pods-NNews-resources.sh",
				"${PODS_ROOT}/MJRefresh/MJRefresh/MJRefresh.bundle",
			);
			name = "[CP] Copy Pods Resources";
			outputPaths = (
				"${TARGET_BUILD_DIR}/${UNLOCALIZED_RESOURCES_FOLDER_PATH}",
			);
			runOnlyForDeploymentPostprocessing = 0;
			shellPath = /bin/sh;
			shellScript = "\"${SRCROOT}/Pods/Target Support Files/Pods-NNews/Pods-NNews-resources.sh\"\n";
			showEnvVarsInLog = 0;
		};
		EEE46B6EF63361BFF749AF7D /* [CP] Embed Pods Frameworks */ = {
			isa = PBXShellScriptBuildPhase;
			buildActionMask = 2147483647;
			files = (
			);
			inputPaths = (
			);
			name = "[CP] Embed Pods Frameworks";
			outputPaths = (
			);
			runOnlyForDeploymentPostprocessing = 0;
			shellPath = /bin/sh;
			shellScript = "\"${SRCROOT}/Pods/Target Support Files/Pods-NNews/Pods-NNews-frameworks.sh\"\n";
			showEnvVarsInLog = 0;
		};
/* End PBXShellScriptBuildPhase section */

/* Begin PBXSourcesBuildPhase section */
		E2443FAE1FA86C6E00E84C65 /* Sources */ = {
			isa = PBXSourcesBuildPhase;
			buildActionMask = 2147483647;
			files = (
				E2443FF31FA86FFF00E84C65 /* ZKNewsViewController.m in Sources */,
				E24440751FAAE95700E84C65 /* ZKVideoPlayView.m in Sources */,
				E244401D1FA9A15500E84C65 /* ZKHelperView.m in Sources */,
				E2F0636B1FB140F300BADD8A /* ZKDetailModelManager.m in Sources */,
				E2443FF91FA8704800E84C65 /* ZKStoryViewController.m in Sources */,
				E2257EDE1FAD61D6006C14C4 /* ZKDetailViewController.m in Sources */,
				E244405D1FA9CFD600E84C65 /* ZKTTVideoUser.m in Sources */,
				E2257EE31FAD6308006C14C4 /* ZKDetailHeaderView.m in Sources */,
				E2443FF61FA8701300E84C65 /* ZKFunsViewController.m in Sources */,
				E244405A1FA9CFC300E84C65 /* ZKTTVideoComment.m in Sources */,
				E24440181FA9970A00E84C65 /* ZKWebViewController.m in Sources */,
				E244400D1FA95FAF00E84C65 /* ZKNewsModel.m in Sources */,
				E24440041FA879BF00E84C65 /* ZKNetWorkManager.m in Sources */,
				E2443FBA1FA86C6E00E84C65 /* ViewController.m in Sources */,
				E2443FC51FA86C6E00E84C65 /* main.m in Sources */,
				E24440091FA95E2D00E84C65 /* ZKNewsTableViewCell.m in Sources */,
				E2443FB71FA86C6E00E84C65 /* AppDelegate.m in Sources */,
				E2443FFF1FA8706F00E84C65 /* ZKPersonViewController.m in Sources */,
				E2257EEC1FAD71CB006C14C4 /* ZKNavigationController.m in Sources */,
				E244407B1FAC090B00E84C65 /* NSString+Extension.m in Sources */,
				E2A88A161FAC5DF500410CBA /* ZKFullViewController.m in Sources */,
				E2443FEA1FA86D4400E84C65 /* ZKTabBarViewController.m in Sources */,
				E2443FFC1FA8705300E84C65 /* ZKGameViewController.m in Sources */,
				E2257EE61FAD6980006C14C4 /* ZKDetailTableViewCell.m in Sources */,
				E24440601FA9D2F600E84C65 /* ZKFunsTableViewCell.m in Sources */,
				E24440571FA9CFA300E84C65 /* ZKTTVideo.m in Sources */,
			);
			runOnlyForDeploymentPostprocessing = 0;
		};
/* End PBXSourcesBuildPhase section */

/* Begin PBXVariantGroup section */
		E2443FBB1FA86C6E00E84C65 /* Main.storyboard */ = {
			isa = PBXVariantGroup;
			children = (
				E2443FBC1FA86C6E00E84C65 /* Base */,
			);
			name = Main.storyboard;
			sourceTree = "<group>";
		};
		E2443FC01FA86C6E00E84C65 /* LaunchScreen.storyboard */ = {
			isa = PBXVariantGroup;
			children = (
				E2443FC11FA86C6E00E84C65 /* Base */,
			);
			name = LaunchScreen.storyboard;
			sourceTree = "<group>";
		};
/* End PBXVariantGroup section */

/* Begin XCBuildConfiguration section */
		E2443FDC1FA86C6E00E84C65 /* Debug */ = {
			isa = XCBuildConfiguration;
			buildSettings = {
				ALWAYS_SEARCH_USER_PATHS = NO;
				CLANG_ANALYZER_NONNULL = YES;
				CLANG_ANALYZER_NUMBER_OBJECT_CONVERSION = YES_AGGRESSIVE;
				CLANG_CXX_LANGUAGE_STANDARD = "gnu++14";
				CLANG_CXX_LIBRARY = "libc++";
				CLANG_ENABLE_MODULES = YES;
				CLANG_ENABLE_OBJC_ARC = YES;
				CLANG_WARN_BLOCK_CAPTURE_AUTORELEASING = YES;
				CLANG_WARN_BOOL_CONVERSION = YES;
				CLANG_WARN_COMMA = YES;
				CLANG_WARN_CONSTANT_CONVERSION = YES;
				CLANG_WARN_DIRECT_OBJC_ISA_USAGE = YES_ERROR;
				CLANG_WARN_DOCUMENTATION_COMMENTS = YES;
				CLANG_WARN_EMPTY_BODY = YES;
				CLANG_WARN_ENUM_CONVERSION = YES;
				CLANG_WARN_INFINITE_RECURSION = YES;
				CLANG_WARN_INT_CONVERSION = YES;
				CLANG_WARN_NON_LITERAL_NULL_CONVERSION = YES;
				CLANG_WARN_OBJC_LITERAL_CONVERSION = YES;
				CLANG_WARN_OBJC_ROOT_CLASS = YES_ERROR;
				CLANG_WARN_RANGE_LOOP_ANALYSIS = YES;
				CLANG_WARN_STRICT_PROTOTYPES = YES;
				CLANG_WARN_SUSPICIOUS_MOVE = YES;
				CLANG_WARN_UNGUARDED_AVAILABILITY = YES_AGGRESSIVE;
				CLANG_WARN_UNREACHABLE_CODE = YES;
				CLANG_WARN__DUPLICATE_METHOD_MATCH = YES;
				CODE_SIGN_IDENTITY = "iPhone Developer";
				COPY_PHASE_STRIP = NO;
				DEBUG_INFORMATION_FORMAT = dwarf;
				ENABLE_STRICT_OBJC_MSGSEND = YES;
				ENABLE_TESTABILITY = YES;
				GCC_C_LANGUAGE_STANDARD = gnu11;
				GCC_DYNAMIC_NO_PIC = NO;
				GCC_NO_COMMON_BLOCKS = YES;
				GCC_OPTIMIZATION_LEVEL = 0;
				GCC_PREPROCESSOR_DEFINITIONS = (
					"DEBUG=1",
					"$(inherited)",
				);
				GCC_WARN_64_TO_32_BIT_CONVERSION = YES;
				GCC_WARN_ABOUT_RETURN_TYPE = YES_ERROR;
				GCC_WARN_UNDECLARED_SELECTOR = YES;
				GCC_WARN_UNINITIALIZED_AUTOS = YES_AGGRESSIVE;
				GCC_WARN_UNUSED_FUNCTION = YES;
				GCC_WARN_UNUSED_VARIABLE = YES;
				IPHONEOS_DEPLOYMENT_TARGET = 11.0;
				MTL_ENABLE_DEBUG_INFO = YES;
				ONLY_ACTIVE_ARCH = YES;
				SDKROOT = iphoneos;
			};
			name = Debug;
		};
		E2443FDD1FA86C6E00E84C65 /* Release */ = {
			isa = XCBuildConfiguration;
			buildSettings = {
				ALWAYS_SEARCH_USER_PATHS = NO;
				CLANG_ANALYZER_NONNULL = YES;
				CLANG_ANALYZER_NUMBER_OBJECT_CONVERSION = YES_AGGRESSIVE;
				CLANG_CXX_LANGUAGE_STANDARD = "gnu++14";
				CLANG_CXX_LIBRARY = "libc++";
				CLANG_ENABLE_MODULES = YES;
				CLANG_ENABLE_OBJC_ARC = YES;
				CLANG_WARN_BLOCK_CAPTURE_AUTORELEASING = YES;
				CLANG_WARN_BOOL_CONVERSION = YES;
				CLANG_WARN_COMMA = YES;
				CLANG_WARN_CONSTANT_CONVERSION = YES;
				CLANG_WARN_DIRECT_OBJC_ISA_USAGE = YES_ERROR;
				CLANG_WARN_DOCUMENTATION_COMMENTS = YES;
				CLANG_WARN_EMPTY_BODY = YES;
				CLANG_WARN_ENUM_CONVERSION = YES;
				CLANG_WARN_INFINITE_RECURSION = YES;
				CLANG_WARN_INT_CONVERSION = YES;
				CLANG_WARN_NON_LITERAL_NULL_CONVERSION = YES;
				CLANG_WARN_OBJC_LITERAL_CONVERSION = YES;
				CLANG_WARN_OBJC_ROOT_CLASS = YES_ERROR;
				CLANG_WARN_RANGE_LOOP_ANALYSIS = YES;
				CLANG_WARN_STRICT_PROTOTYPES = YES;
				CLANG_WARN_SUSPICIOUS_MOVE = YES;
				CLANG_WARN_UNGUARDED_AVAILABILITY = YES_AGGRESSIVE;
				CLANG_WARN_UNREACHABLE_CODE = YES;
				CLANG_WARN__DUPLICATE_METHOD_MATCH = YES;
				CODE_SIGN_IDENTITY = "iPhone Developer";
				COPY_PHASE_STRIP = NO;
				DEBUG_INFORMATION_FORMAT = "dwarf-with-dsym";
				ENABLE_NS_ASSERTIONS = NO;
				ENABLE_STRICT_OBJC_MSGSEND = YES;
				GCC_C_LANGUAGE_STANDARD = gnu11;
				GCC_NO_COMMON_BLOCKS = YES;
				GCC_WARN_64_TO_32_BIT_CONVERSION = YES;
				GCC_WARN_ABOUT_RETURN_TYPE = YES_ERROR;
				GCC_WARN_UNDECLARED_SELECTOR = YES;
				GCC_WARN_UNINITIALIZED_AUTOS = YES_AGGRESSIVE;
				GCC_WARN_UNUSED_FUNCTION = YES;
				GCC_WARN_UNUSED_VARIABLE = YES;
				IPHONEOS_DEPLOYMENT_TARGET = 11.0;
				MTL_ENABLE_DEBUG_INFO = NO;
				SDKROOT = iphoneos;
				VALIDATE_PRODUCT = YES;
			};
			name = Release;
		};
		E2443FDF1FA86C6E00E84C65 /* Debug */ = {
			isa = XCBuildConfiguration;
			baseConfigurationReference = 801ABD53072112AB10E53CF7 /* Pods-NNews.debug.xcconfig */;
			buildSettings = {
				ASSETCATALOG_COMPILER_APPICON_NAME = AppIcon;
				CODE_SIGN_STYLE = Automatic;
				DEVELOPMENT_TEAM = 5VMH39C98C;
				GCC_PREFIX_HEADER = "$(SRCROOT)/$(PROJECT_NAME)/PrefixHeader.h";
				INFOPLIST_FILE = NNews/Info.plist;
				IPHONEOS_DEPLOYMENT_TARGET = 9.0;
				LD_RUNPATH_SEARCH_PATHS = "$(inherited) @executable_path/Frameworks";
				PRODUCT_BUNDLE_IDENTIFIER = Text.NNews;
				PRODUCT_NAME = "$(TARGET_NAME)";
				TARGETED_DEVICE_FAMILY = "1,2";
			};
			name = Debug;
		};
		E2443FE01FA86C6E00E84C65 /* Release */ = {
			isa = XCBuildConfiguration;
			baseConfigurationReference = DB3DA298AE23B0C5F601BC3E /* Pods-NNews.release.xcconfig */;
			buildSettings = {
				ASSETCATALOG_COMPILER_APPICON_NAME = AppIcon;
				CODE_SIGN_STYLE = Automatic;
				DEVELOPMENT_TEAM = 5VMH39C98C;
				GCC_PREFIX_HEADER = "$(SRCROOT)/$(PROJECT_NAME)/PrefixHeader.h";
				INFOPLIST_FILE = NNews/Info.plist;
				IPHONEOS_DEPLOYMENT_TARGET = 9.0;
				LD_RUNPATH_SEARCH_PATHS = "$(inherited) @executable_path/Frameworks";
				PRODUCT_BUNDLE_IDENTIFIER = Text.NNews;
				PRODUCT_NAME = "$(TARGET_NAME)";
				TARGETED_DEVICE_FAMILY = "1,2";
			};
			name = Release;
		};
/* End XCBuildConfiguration section */

/* Begin XCConfigurationList section */
		E2443FAD1FA86C6D00E84C65 /* Build configuration list for PBXProject "NNews" */ = {
			isa = XCConfigurationList;
			buildConfigurations = (
				E2443FDC1FA86C6E00E84C65 /* Debug */,
				E2443FDD1FA86C6E00E84C65 /* Release */,
			);
			defaultConfigurationIsVisible = 0;
			defaultConfigurationName = Release;
		};
		E2443FDE1FA86C6E00E84C65 /* Build configuration list for PBXNativeTarget "NNews" */ = {
			isa = XCConfigurationList;
			buildConfigurations = (
				E2443FDF1FA86C6E00E84C65 /* Debug */,
				E2443FE01FA86C6E00E84C65 /* Release */,
			);
			defaultConfigurationIsVisible = 0;
			defaultConfigurationName = Release;
		};
/* End XCConfigurationList section */
	};
	rootObject = E2443FAA1FA86C6D00E84C65 /* Project object */;
}
