// !$*UTF8*$!
{
	archiveVersion = 1;
	classes = {
	};
	objectVersion = 48;
	objects = {

/* Begin PBXBuildFile section */
		BE1351E9BEB79286081471DB /* libPods-NNews.a in Frameworks */ = {isa = PBXBuildFile; fileRef = 450F700E5C37477FC145B41A /* libPods-NNews.a */; };
		E2056B671FD7D8BF00CC4CFB /* ZKRefreshGiftHeader.m in Sources */ = {isa = PBXBuildFile; fileRef = E2056B661FD7D8BF00CC4CFB /* ZKRefreshGiftHeader.m */; };
		E223DD011FB2A0F700126A88 /* ZKTTVideoUser.m in Sources */ = {isa = PBXBuildFile; fileRef = E223DD001FB2A0F700126A88 /* ZKTTVideoUser.m */; };
		E223DD051FB2AC2800126A88 /* ZKPictureViewController.m in Sources */ = {isa = PBXBuildFile; fileRef = E223DD041FB2AC2800126A88 /* ZKPictureViewController.m */; };
		E223DD0A1FB2AEA700126A88 /* ZKPictureTableViewCell.m in Sources */ = {isa = PBXBuildFile; fileRef = E223DD091FB2AEA700126A88 /* ZKPictureTableViewCell.m */; };
		E223DD101FB2AF3500126A88 /* ZKTTPicture.m in Sources */ = {isa = PBXBuildFile; fileRef = E223DD0F1FB2AF3500126A88 /* ZKTTPicture.m */; };
		E2257EDE1FAD61D6006C14C4 /* ZKDetailViewController.m in Sources */ = {isa = PBXBuildFile; fileRef = E2257EDD1FAD61D6006C14C4 /* ZKDetailViewController.m */; };
		E2257EE31FAD6308006C14C4 /* ZKDetailHeaderView.m in Sources */ = {isa = PBXBuildFile; fileRef = E2257EE21FAD6308006C14C4 /* ZKDetailHeaderView.m */; };
		E2257EE61FAD6980006C14C4 /* ZKDetailTableViewCell.m in Sources */ = {isa = PBXBuildFile; fileRef = E2257EE51FAD6980006C14C4 /* ZKDetailTableViewCell.m */; };
		E2257EEC1FAD71CB006C14C4 /* ZKNavigationController.m in Sources */ = {isa = PBXBuildFile; fileRef = E2257EEB1FAD71CB006C14C4 /* ZKNavigationController.m */; };
		E23D678E1FDBDE800080C548 /* ZKHomeModel.m in Sources */ = {isa = PBXBuildFile; fileRef = E23D67651FDBDE7F0080C548 /* ZKHomeModel.m */; };
		E23D678F1FDBDE800080C548 /* ZKNewsDetailModel.m in Sources */ = {isa = PBXBuildFile; fileRef = E23D67671FDBDE7F0080C548 /* ZKNewsDetailModel.m */; };
		E23D67901FDBDE800080C548 /* ZKBannerModel.m in Sources */ = {isa = PBXBuildFile; fileRef = E23D67691FDBDE7F0080C548 /* ZKBannerModel.m */; };
		E23D67911FDBDE800080C548 /* ZKHomeViewModel.m in Sources */ = {isa = PBXBuildFile; fileRef = E23D676B1FDBDE7F0080C548 /* ZKHomeViewModel.m */; };
		E23D67921FDBDE800080C548 /* ZKWebViewController.m in Sources */ = {isa = PBXBuildFile; fileRef = E23D676F1FDBDE7F0080C548 /* ZKWebViewController.m */; };
		E23D67931FDBDE800080C548 /* ZKPictureDetailViewController.m in Sources */ = {isa = PBXBuildFile; fileRef = E23D67711FDBDE7F0080C548 /* ZKPictureDetailViewController.m */; };
		E23D67941FDBDE800080C548 /* ZKPictureModel.m in Sources */ = {isa = PBXBuildFile; fileRef = E23D67741FDBDE7F0080C548 /* ZKPictureModel.m */; };
		E23D67951FDBDE800080C548 /* ZKPictureBottomView.m in Sources */ = {isa = PBXBuildFile; fileRef = E23D67771FDBDE7F0080C548 /* ZKPictureBottomView.m */; };
		E23D67961FDBDE800080C548 /* ZKPictureContentView.m in Sources */ = {isa = PBXBuildFile; fileRef = E23D67781FDBDE7F0080C548 /* ZKPictureContentView.m */; };
		E23D67971FDBDE800080C548 /* ZKBaseNetWork.m in Sources */ = {isa = PBXBuildFile; fileRef = E23D677D1FDBDE800080C548 /* ZKBaseNetWork.m */; };
		E23D67981FDBDE800080C548 /* ZKHomeNetWork.m in Sources */ = {isa = PBXBuildFile; fileRef = E23D67801FDBDE800080C548 /* ZKHomeNetWork.m */; };
		E23D67991FDBDE800080C548 /* ZKHomeViewController.m in Sources */ = {isa = PBXBuildFile; fileRef = E23D67821FDBDE800080C548 /* ZKHomeViewController.m */; };
		E23D679A1FDBDE800080C548 /* ZKHomeBigImgCell.m in Sources */ = {isa = PBXBuildFile; fileRef = E23D67861FDBDE800080C548 /* ZKHomeBigImgCell.m */; };
		E23D679B1FDBDE800080C548 /* ZKHomeDefaultCell.m in Sources */ = {isa = PBXBuildFile; fileRef = E23D67881FDBDE800080C548 /* ZKHomeDefaultCell.m */; };
		E23D679C1FDBDE800080C548 /* ZKHomeTextCell.m in Sources */ = {isa = PBXBuildFile; fileRef = E23D67891FDBDE800080C548 /* ZKHomeTextCell.m */; };
		E23D679D1FDBDE800080C548 /* ZKHomeImgsCell.m in Sources */ = {isa = PBXBuildFile; fileRef = E23D678A1FDBDE800080C548 /* ZKHomeImgsCell.m */; };
		E23D679E1FDBDE800080C548 /* ZKHomeImgCell.m in Sources */ = {isa = PBXBuildFile; fileRef = E23D678C1FDBDE800080C548 /* ZKHomeImgCell.m */; };
		E23D67D51FDBE49C0080C548 /* ZKWeatherController.m in Sources */ = {isa = PBXBuildFile; fileRef = E23D67A01FDBE49C0080C548 /* ZKWeatherController.m */; };
		E23D67D61FDBE49C0080C548 /* cloudy_to_overcast.png in Resources */ = {isa = PBXBuildFile; fileRef = E23D67A31FDBE49C0080C548 /* cloudy_to_overcast.png */; };
		E23D67D71FDBE49C0080C548 /* cloudy_to_rain@2x.png in Resources */ = {isa = PBXBuildFile; fileRef = E23D67A41FDBE49C0080C548 /* cloudy_to_rain@2x.png */; };
		E23D67D81FDBE49C0080C548 /* cloudy@2x.png in Resources */ = {isa = PBXBuildFile; fileRef = E23D67A51FDBE49C0080C548 /* cloudy@2x.png */; };
		E23D67D91FDBE49C0080C548 /* cloudy_to_overcast@2x.png in Resources */ = {isa = PBXBuildFile; fileRef = E23D67A61FDBE49C0080C548 /* cloudy_to_overcast@2x.png */; };
		E23D67DA1FDBE49C0080C548 /* rain_litter.png in Resources */ = {isa = PBXBuildFile; fileRef = E23D67A71FDBE49C0080C548 /* rain_litter.png */; };
		E23D67DB1FDBE49C0080C548 /* clear.png in Resources */ = {isa = PBXBuildFile; fileRef = E23D67A81FDBE49C0080C548 /* clear.png */; };
		E23D67DC1FDBE49C0080C548 /* cloudy_becoming_fine@2x.png in Resources */ = {isa = PBXBuildFile; fileRef = E23D67A91FDBE49C0080C548 /* cloudy_becoming_fine@2x.png */; };
		E23D67DD1FDBE49C0080C548 /* little_snow@2x.png in Resources */ = {isa = PBXBuildFile; fileRef = E23D67AA1FDBE49C0080C548 /* little_snow@2x.png */; };
		E23D67DE1FDBE49C0080C548 /* overcast_to_clear.png in Resources */ = {isa = PBXBuildFile; fileRef = E23D67AB1FDBE49C0080C548 /* overcast_to_clear.png */; };
		E23D67DF1FDBE49C0080C548 /* shadey.png in Resources */ = {isa = PBXBuildFile; fileRef = E23D67AC1FDBE49C0080C548 /* shadey.png */; };
		E23D67E01FDBE49C0080C548 /* clear_to_overcast@2x.png in Resources */ = {isa = PBXBuildFile; fileRef = E23D67AD1FDBE49C0080C548 /* clear_to_overcast@2x.png */; };
		E23D67E11FDBE49C0080C548 /* little_snow.png in Resources */ = {isa = PBXBuildFile; fileRef = E23D67AE1FDBE49C0080C548 /* little_snow.png */; };
		E23D67E21FDBE49C0080C548 /* cloudy_to_rain.png in Resources */ = {isa = PBXBuildFile; fileRef = E23D67AF1FDBE49C0080C548 /* cloudy_to_rain.png */; };
		E23D67E31FDBE49C0080C548 /* cloudy.png in Resources */ = {isa = PBXBuildFile; fileRef = E23D67B01FDBE49C0080C548 /* cloudy.png */; };
		E23D67E41FDBE49C0080C548 /* clear_to_overcast.png in Resources */ = {isa = PBXBuildFile; fileRef = E23D67B11FDBE49C0080C548 /* clear_to_overcast.png */; };
		E23D67E51FDBE49C0080C548 /* cloudy_becoming_fine.png in Resources */ = {isa = PBXBuildFile; fileRef = E23D67B21FDBE49C0080C548 /* cloudy_becoming_fine.png */; };
		E23D67E61FDBE49C0080C548 /* overcast_to_clear@2x.png in Resources */ = {isa = PBXBuildFile; fileRef = E23D67B31FDBE49C0080C548 /* overcast_to_clear@2x.png */; };
		E23D67E71FDBE49C0080C548 /* shadey@2x.png in Resources */ = {isa = PBXBuildFile; fileRef = E23D67B41FDBE49C0080C548 /* shadey@2x.png */; };
		E23D67E81FDBE49C0080C548 /* clear@2x.png in Resources */ = {isa = PBXBuildFile; fileRef = E23D67B51FDBE49C0080C548 /* clear@2x.png */; };
		E23D67E91FDBE49C0080C548 /* rain_litter@2x.png in Resources */ = {isa = PBXBuildFile; fileRef = E23D67B61FDBE49C0080C548 /* rain_litter@2x.png */; };
		E23D67EA1FDBE49C0080C548 /* bg_fog_night.jpg in Resources */ = {isa = PBXBuildFile; fileRef = E23D67B81FDBE49C0080C548 /* bg_fog_night.jpg */; };
		E23D67EB1FDBE49C0080C548 /* bg_na.jpg in Resources */ = {isa = PBXBuildFile; fileRef = E23D67B91FDBE49C0080C548 /* bg_na.jpg */; };
		E23D67EC1FDBE49C0080C548 /* bg_normal.jpg in Resources */ = {isa = PBXBuildFile; fileRef = E23D67BA1FDBE49C0080C548 /* bg_normal.jpg */; };
		E23D67ED1FDBE49C0080C548 /* bg_rain_night.jpg in Resources */ = {isa = PBXBuildFile; fileRef = E23D67BB1FDBE49C0080C548 /* bg_rain_night.jpg */; };
		E23D67EE1FDBE49C0080C548 /* bg_snow_day.jpg in Resources */ = {isa = PBXBuildFile; fileRef = E23D67BC1FDBE49C0080C548 /* bg_snow_day.jpg */; };
		E23D67EF1FDBE49C0080C548 /* bg_fog_day.jpg in Resources */ = {isa = PBXBuildFile; fileRef = E23D67BD1FDBE49C0080C548 /* bg_fog_day.jpg */; };
		E23D67F01FDBE49C0080C548 /* bg_fog.jpg in Resources */ = {isa = PBXBuildFile; fileRef = E23D67BE1FDBE49C0080C548 /* bg_fog.jpg */; };
		E23D67F11FDBE49C0080C548 /* bg_night_rain.jpg in Resources */ = {isa = PBXBuildFile; fileRef = E23D67BF1FDBE49C0080C548 /* bg_night_rain.jpg */; };
		E23D67F21FDBE49C0080C548 /* bg_sunny_night.jpg in Resources */ = {isa = PBXBuildFile; fileRef = E23D67C01FDBE49C0080C548 /* bg_sunny_night.jpg */; };
		E23D67F31FDBE49C0080C548 /* bg_sunny_day.jpg in Resources */ = {isa = PBXBuildFile; fileRef = E23D67C11FDBE49C0080C548 /* bg_sunny_day.jpg */; };
		E23D67F41FDBE49C0080C548 /* bg_snow_night.jpg in Resources */ = {isa = PBXBuildFile; fileRef = E23D67C21FDBE49C0080C548 /* bg_snow_night.jpg */; };
		E23D67F51FDBE49C0080C548 /* bg_rain_day.jpg in Resources */ = {isa = PBXBuildFile; fileRef = E23D67C31FDBE49C0080C548 /* bg_rain_day.jpg */; };
		E23D67F61FDBE49C0080C548 /* bg_haze.jpg in Resources */ = {isa = PBXBuildFile; fileRef = E23D67C41FDBE49C0080C548 /* bg_haze.jpg */; };
		E23D67F71FDBE49C0080C548 /* cityGroups.plist in Resources */ = {isa = PBXBuildFile; fileRef = E23D67C51FDBE49C0080C548 /* cityGroups.plist */; };
		E23D67F81FDBE49C0080C548 /* ZKCityViewController.m in Sources */ = {isa = PBXBuildFile; fileRef = E23D67C61FDBE49C0080C548 /* ZKCityViewController.m */; };
		E23D67F91FDBE49C0080C548 /* ZKCityModel.m in Sources */ = {isa = PBXBuildFile; fileRef = E23D67CA1FDBE49C0080C548 /* ZKCityModel.m */; };
		E23D67FA1FDBE49C0080C548 /* ZKWeatherModel.m in Sources */ = {isa = PBXBuildFile; fileRef = E23D67CB1FDBE49C0080C548 /* ZKWeatherModel.m */; };
		E23D67FB1FDBE49C0080C548 /* ZKWeatherHeader.m in Sources */ = {isa = PBXBuildFile; fileRef = E23D67CE1FDBE49C0080C548 /* ZKWeatherHeader.m */; };
		E23D67FC1FDBE49C0080C548 /* ZKWeatherItem.m in Sources */ = {isa = PBXBuildFile; fileRef = E23D67D01FDBE49C0080C548 /* ZKWeatherItem.m */; };
		E23D67FD1FDBE49C0080C548 /* ZKWeatherBottom.m in Sources */ = {isa = PBXBuildFile; fileRef = E23D67D21FDBE49C0080C548 /* ZKWeatherBottom.m */; };
		E2443FB71FA86C6E00E84C65 /* AppDelegate.m in Sources */ = {isa = PBXBuildFile; fileRef = E2443FB61FA86C6E00E84C65 /* AppDelegate.m */; };
		E2443FBA1FA86C6E00E84C65 /* ViewController.m in Sources */ = {isa = PBXBuildFile; fileRef = E2443FB91FA86C6E00E84C65 /* ViewController.m */; };
		E2443FBD1FA86C6E00E84C65 /* Main.storyboard in Resources */ = {isa = PBXBuildFile; fileRef = E2443FBB1FA86C6E00E84C65 /* Main.storyboard */; };
		E2443FBF1FA86C6E00E84C65 /* Assets.xcassets in Resources */ = {isa = PBXBuildFile; fileRef = E2443FBE1FA86C6E00E84C65 /* Assets.xcassets */; };
		E2443FC21FA86C6E00E84C65 /* LaunchScreen.storyboard in Resources */ = {isa = PBXBuildFile; fileRef = E2443FC01FA86C6E00E84C65 /* LaunchScreen.storyboard */; };
		E2443FC51FA86C6E00E84C65 /* main.m in Sources */ = {isa = PBXBuildFile; fileRef = E2443FC41FA86C6E00E84C65 /* main.m */; };
		E2443FEA1FA86D4400E84C65 /* ZKTabBarViewController.m in Sources */ = {isa = PBXBuildFile; fileRef = E2443FE91FA86D4400E84C65 /* ZKTabBarViewController.m */; };
		E2443FF61FA8701300E84C65 /* ZKFunsViewController.m in Sources */ = {isa = PBXBuildFile; fileRef = E2443FF51FA8701300E84C65 /* ZKFunsViewController.m */; };
		E24440041FA879BF00E84C65 /* ZKNetWorkManager.m in Sources */ = {isa = PBXBuildFile; fileRef = E24440031FA879BF00E84C65 /* ZKNetWorkManager.m */; };
		E244401A1FA9982E00E84C65 /* WebKit.framework in Frameworks */ = {isa = PBXBuildFile; fileRef = E24440191FA9982E00E84C65 /* WebKit.framework */; };
		E244401D1FA9A15500E84C65 /* ZKHelperView.m in Sources */ = {isa = PBXBuildFile; fileRef = E244401C1FA9A15500E84C65 /* ZKHelperView.m */; };
		E24440571FA9CFA300E84C65 /* ZKTTVideo.m in Sources */ = {isa = PBXBuildFile; fileRef = E24440561FA9CFA300E84C65 /* ZKTTVideo.m */; };
		E244405A1FA9CFC300E84C65 /* ZKTTVideoComment.m in Sources */ = {isa = PBXBuildFile; fileRef = E24440591FA9CFC300E84C65 /* ZKTTVideoComment.m */; };
		E24440601FA9D2F600E84C65 /* ZKFunsTableViewCell.m in Sources */ = {isa = PBXBuildFile; fileRef = E244405F1FA9D2F600E84C65 /* ZKFunsTableViewCell.m */; };
		E24440751FAAE95700E84C65 /* ZKVideoPlayView.m in Sources */ = {isa = PBXBuildFile; fileRef = E24440741FAAE95700E84C65 /* ZKVideoPlayView.m */; };
		E244407B1FAC090B00E84C65 /* NSString+Extension.m in Sources */ = {isa = PBXBuildFile; fileRef = E244407A1FAC090B00E84C65 /* NSString+Extension.m */; };
		E245BF371FBAF43F00D85BF7 /* InfoPlist.strings in Resources */ = {isa = PBXBuildFile; fileRef = E245BF391FBAF43F00D85BF7 /* InfoPlist.strings */; };
		E245BF401FBAF7BE00D85BF7 /* Localizable.strings in Resources */ = {isa = PBXBuildFile; fileRef = E245BF421FBAF7BE00D85BF7 /* Localizable.strings */; };
		E251AFAE1FB599C000303EC9 /* ZKMapManager.m in Sources */ = {isa = PBXBuildFile; fileRef = E251AFAD1FB599C000303EC9 /* ZKMapManager.m */; };
		E2719DA51FCD5DEA0033D968 /* ZKLoginViewController.m in Sources */ = {isa = PBXBuildFile; fileRef = E2719DA41FCD5DEA0033D968 /* ZKLoginViewController.m */; };
		E2719DA81FCD5DFA0033D968 /* ZKRegisterViewController.m in Sources */ = {isa = PBXBuildFile; fileRef = E2719DA71FCD5DFA0033D968 /* ZKRegisterViewController.m */; };
		E2719DFB1FCE61BD0033D968 /* ZKUser.m in Sources */ = {isa = PBXBuildFile; fileRef = E2719DF71FCE61BC0033D968 /* ZKUser.m */; };
		E2719DFC1FCE61BD0033D968 /* ZKBmobManager.m in Sources */ = {isa = PBXBuildFile; fileRef = E2719DF81FCE61BC0033D968 /* ZKBmobManager.m */; };
		E2778F521FC820A80064DA01 /* ZKToolManager.m in Sources */ = {isa = PBXBuildFile; fileRef = E2778F511FC820A80064DA01 /* ZKToolManager.m */; };
		E2778F621FC820D40064DA01 /* ZKAboutViewController.m in Sources */ = {isa = PBXBuildFile; fileRef = E2778F561FC820D40064DA01 /* ZKAboutViewController.m */; };
		E2778F631FC820D40064DA01 /* ZKFeedBackViewController.m in Sources */ = {isa = PBXBuildFile; fileRef = E2778F591FC820D40064DA01 /* ZKFeedBackViewController.m */; };
		E2778F641FC820D40064DA01 /* ZKSettingModel.m in Sources */ = {isa = PBXBuildFile; fileRef = E2778F5C1FC820D40064DA01 /* ZKSettingModel.m */; };
		E2778F651FC820D40064DA01 /* ZKSettingViewCell.m in Sources */ = {isa = PBXBuildFile; fileRef = E2778F5F1FC820D40064DA01 /* ZKSettingViewCell.m */; };
		E2778F661FC820D40064DA01 /* ZKSettingsViewController.m in Sources */ = {isa = PBXBuildFile; fileRef = E2778F611FC820D40064DA01 /* ZKSettingsViewController.m */; };
		E27DD1111FD13712003BA461 /* ZKSwitchViewCell.m in Sources */ = {isa = PBXBuildFile; fileRef = E27DD1101FD13712003BA461 /* ZKSwitchViewCell.m */; };
		E285D1CF1FE39D9D0066532E /* 1.jpeg in Resources */ = {isa = PBXBuildFile; fileRef = E285D1CA1FE39D9D0066532E /* 1.jpeg */; };
		E285D1D01FE39D9D0066532E /* 4.jpeg in Resources */ = {isa = PBXBuildFile; fileRef = E285D1CB1FE39D9D0066532E /* 4.jpeg */; };
		E285D1D11FE39D9D0066532E /* 5.jpeg in Resources */ = {isa = PBXBuildFile; fileRef = E285D1CC1FE39D9D0066532E /* 5.jpeg */; };
		E285D1D21FE39D9D0066532E /* 2.jpeg in Resources */ = {isa = PBXBuildFile; fileRef = E285D1CD1FE39D9D0066532E /* 2.jpeg */; };
		E285D1D31FE39D9D0066532E /* 3.jpeg in Resources */ = {isa = PBXBuildFile; fileRef = E285D1CE1FE39D9D0066532E /* 3.jpeg */; };
		E2929A3D1FB6C47500EA33E9 /* UIView+Animation.m in Sources */ = {isa = PBXBuildFile; fileRef = E2929A3C1FB6C47500EA33E9 /* UIView+Animation.m */; };
		E29C4AD01FE27D01008B0DEC /* ZKShareHelper.m in Sources */ = {isa = PBXBuildFile; fileRef = E29C4ACF1FE27D01008B0DEC /* ZKShareHelper.m */; };
		E2A88A161FAC5DF500410CBA /* ZKFullViewController.m in Sources */ = {isa = PBXBuildFile; fileRef = E2A88A151FAC5DF500410CBA /* ZKFullViewController.m */; };
		E2E8DF181FB40207008F8995 /* ZKPictureFullController.m in Sources */ = {isa = PBXBuildFile; fileRef = E2E8DF171FB40207008F8995 /* ZKPictureFullController.m */; };
		E2F0636B1FB140F300BADD8A /* ZKDetailModelManager.m in Sources */ = {isa = PBXBuildFile; fileRef = E2F0636A1FB140F300BADD8A /* ZKDetailModelManager.m */; };
/* End PBXBuildFile section */

/* Begin PBXFileReference section */
		450F700E5C37477FC145B41A /* libPods-NNews.a */ = {isa = PBXFileReference; explicitFileType = archive.ar; includeInIndex = 0; path = "libPods-NNews.a"; sourceTree = BUILT_PRODUCTS_DIR; };
		801ABD53072112AB10E53CF7 /* Pods-NNews.debug.xcconfig */ = {isa = PBXFileReference; includeInIndex = 1; lastKnownFileType = text.xcconfig; name = "Pods-NNews.debug.xcconfig"; path = "Pods/Target Support Files/Pods-NNews/Pods-NNews.debug.xcconfig"; sourceTree = "<group>"; };
		DB3DA298AE23B0C5F601BC3E /* Pods-NNews.release.xcconfig */ = {isa = PBXFileReference; includeInIndex = 1; lastKnownFileType = text.xcconfig; name = "Pods-NNews.release.xcconfig"; path = "Pods/Target Support Files/Pods-NNews/Pods-NNews.release.xcconfig"; sourceTree = "<group>"; };
		E2056B651FD7D8BF00CC4CFB /* ZKRefreshGiftHeader.h */ = {isa = PBXFileReference; lastKnownFileType = sourcecode.c.h; path = ZKRefreshGiftHeader.h; sourceTree = "<group>"; };
		E2056B661FD7D8BF00CC4CFB /* ZKRefreshGiftHeader.m */ = {isa = PBXFileReference; lastKnownFileType = sourcecode.c.objc; path = ZKRefreshGiftHeader.m; sourceTree = "<group>"; };
		E223DCFF1FB2A0F700126A88 /* ZKTTVideoUser.h */ = {isa = PBXFileReference; lastKnownFileType = sourcecode.c.h; path = ZKTTVideoUser.h; sourceTree = "<group>"; };
		E223DD001FB2A0F700126A88 /* ZKTTVideoUser.m */ = {isa = PBXFileReference; lastKnownFileType = sourcecode.c.objc; path = ZKTTVideoUser.m; sourceTree = "<group>"; };
		E223DD031FB2AC2800126A88 /* ZKPictureViewController.h */ = {isa = PBXFileReference; lastKnownFileType = sourcecode.c.h; path = ZKPictureViewController.h; sourceTree = "<group>"; };
		E223DD041FB2AC2800126A88 /* ZKPictureViewController.m */ = {isa = PBXFileReference; lastKnownFileType = sourcecode.c.objc; path = ZKPictureViewController.m; sourceTree = "<group>"; };
		E223DD081FB2AEA700126A88 /* ZKPictureTableViewCell.h */ = {isa = PBXFileReference; lastKnownFileType = sourcecode.c.h; path = ZKPictureTableViewCell.h; sourceTree = "<group>"; };
		E223DD091FB2AEA700126A88 /* ZKPictureTableViewCell.m */ = {isa = PBXFileReference; lastKnownFileType = sourcecode.c.objc; path = ZKPictureTableViewCell.m; sourceTree = "<group>"; };
		E223DD0E1FB2AF3500126A88 /* ZKTTPicture.h */ = {isa = PBXFileReference; lastKnownFileType = sourcecode.c.h; path = ZKTTPicture.h; sourceTree = "<group>"; };
		E223DD0F1FB2AF3500126A88 /* ZKTTPicture.m */ = {isa = PBXFileReference; lastKnownFileType = sourcecode.c.objc; path = ZKTTPicture.m; sourceTree = "<group>"; };
		E2257EDC1FAD61D6006C14C4 /* ZKDetailViewController.h */ = {isa = PBXFileReference; lastKnownFileType = sourcecode.c.h; path = ZKDetailViewController.h; sourceTree = "<group>"; };
		E2257EDD1FAD61D6006C14C4 /* ZKDetailViewController.m */ = {isa = PBXFileReference; lastKnownFileType = sourcecode.c.objc; path = ZKDetailViewController.m; sourceTree = "<group>"; };
		E2257EE11FAD6308006C14C4 /* ZKDetailHeaderView.h */ = {isa = PBXFileReference; lastKnownFileType = sourcecode.c.h; path = ZKDetailHeaderView.h; sourceTree = "<group>"; };
		E2257EE21FAD6308006C14C4 /* ZKDetailHeaderView.m */ = {isa = PBXFileReference; lastKnownFileType = sourcecode.c.objc; path = ZKDetailHeaderView.m; sourceTree = "<group>"; };
		E2257EE41FAD6980006C14C4 /* ZKDetailTableViewCell.h */ = {isa = PBXFileReference; lastKnownFileType = sourcecode.c.h; path = ZKDetailTableViewCell.h; sourceTree = "<group>"; };
		E2257EE51FAD6980006C14C4 /* ZKDetailTableViewCell.m */ = {isa = PBXFileReference; lastKnownFileType = sourcecode.c.objc; path = ZKDetailTableViewCell.m; sourceTree = "<group>"; };
		E2257EEA1FAD71CB006C14C4 /* ZKNavigationController.h */ = {isa = PBXFileReference; lastKnownFileType = sourcecode.c.h; path = ZKNavigationController.h; sourceTree = "<group>"; };
		E2257EEB1FAD71CB006C14C4 /* ZKNavigationController.m */ = {isa = PBXFileReference; lastKnownFileType = sourcecode.c.objc; path = ZKNavigationController.m; sourceTree = "<group>"; };
		E23D67641FDBDE7F0080C548 /* ZKNewsDetailModel.h */ = {isa = PBXFileReference; fileEncoding = 4; lastKnownFileType = sourcecode.c.h; path = ZKNewsDetailModel.h; sourceTree = "<group>"; };
		E23D67651FDBDE7F0080C548 /* ZKHomeModel.m */ = {isa = PBXFileReference; fileEncoding = 4; lastKnownFileType = sourcecode.c.objc; path = ZKHomeModel.m; sourceTree = "<group>"; };
		E23D67661FDBDE7F0080C548 /* ZKBannerModel.h */ = {isa = PBXFileReference; fileEncoding = 4; lastKnownFileType = sourcecode.c.h; path = ZKBannerModel.h; sourceTree = "<group>"; };
		E23D67671FDBDE7F0080C548 /* ZKNewsDetailModel.m */ = {isa = PBXFileReference; fileEncoding = 4; lastKnownFileType = sourcecode.c.objc; path = ZKNewsDetailModel.m; sourceTree = "<group>"; };
		E23D67681FDBDE7F0080C548 /* ZKHomeModel.h */ = {isa = PBXFileReference; fileEncoding = 4; lastKnownFileType = sourcecode.c.h; path = ZKHomeModel.h; sourceTree = "<group>"; };
		E23D67691FDBDE7F0080C548 /* ZKBannerModel.m */ = {isa = PBXFileReference; fileEncoding = 4; lastKnownFileType = sourcecode.c.objc; path = ZKBannerModel.m; sourceTree = "<group>"; };
		E23D676B1FDBDE7F0080C548 /* ZKHomeViewModel.m */ = {isa = PBXFileReference; fileEncoding = 4; lastKnownFileType = sourcecode.c.objc; path = ZKHomeViewModel.m; sourceTree = "<group>"; };
		E23D676C1FDBDE7F0080C548 /* ZKHomeViewModel.h */ = {isa = PBXFileReference; fileEncoding = 4; lastKnownFileType = sourcecode.c.h; path = ZKHomeViewModel.h; sourceTree = "<group>"; };
		E23D676D1FDBDE7F0080C548 /* ZKHomeViewController.h */ = {isa = PBXFileReference; fileEncoding = 4; lastKnownFileType = sourcecode.c.h; path = ZKHomeViewController.h; sourceTree = "<group>"; };
		E23D676F1FDBDE7F0080C548 /* ZKWebViewController.m */ = {isa = PBXFileReference; fileEncoding = 4; lastKnownFileType = sourcecode.c.objc; path = ZKWebViewController.m; sourceTree = "<group>"; };
		E23D67711FDBDE7F0080C548 /* ZKPictureDetailViewController.m */ = {isa = PBXFileReference; fileEncoding = 4; lastKnownFileType = sourcecode.c.objc; path = ZKPictureDetailViewController.m; sourceTree = "<group>"; };
		E23D67731FDBDE7F0080C548 /* ZKPictureModel.h */ = {isa = PBXFileReference; fileEncoding = 4; lastKnownFileType = sourcecode.c.h; path = ZKPictureModel.h; sourceTree = "<group>"; };
		E23D67741FDBDE7F0080C548 /* ZKPictureModel.m */ = {isa = PBXFileReference; fileEncoding = 4; lastKnownFileType = sourcecode.c.objc; path = ZKPictureModel.m; sourceTree = "<group>"; };
		E23D67761FDBDE7F0080C548 /* ZKPictureContentView.h */ = {isa = PBXFileReference; fileEncoding = 4; lastKnownFileType = sourcecode.c.h; path = ZKPictureContentView.h; sourceTree = "<group>"; };
		E23D67771FDBDE7F0080C548 /* ZKPictureBottomView.m */ = {isa = PBXFileReference; fileEncoding = 4; lastKnownFileType = sourcecode.c.objc; path = ZKPictureBottomView.m; sourceTree = "<group>"; };
		E23D67781FDBDE7F0080C548 /* ZKPictureContentView.m */ = {isa = PBXFileReference; fileEncoding = 4; lastKnownFileType = sourcecode.c.objc; path = ZKPictureContentView.m; sourceTree = "<group>"; };
		E23D67791FDBDE7F0080C548 /* ZKPictureBottomView.h */ = {isa = PBXFileReference; fileEncoding = 4; lastKnownFileType = sourcecode.c.h; path = ZKPictureBottomView.h; sourceTree = "<group>"; };
		E23D677A1FDBDE7F0080C548 /* ZKPictureDetailViewController.h */ = {isa = PBXFileReference; fileEncoding = 4; lastKnownFileType = sourcecode.c.h; path = ZKPictureDetailViewController.h; sourceTree = "<group>"; };
		E23D677B1FDBDE7F0080C548 /* ZKWebViewController.h */ = {isa = PBXFileReference; fileEncoding = 4; lastKnownFileType = sourcecode.c.h; path = ZKWebViewController.h; sourceTree = "<group>"; };
		E23D677D1FDBDE800080C548 /* ZKBaseNetWork.m */ = {isa = PBXFileReference; fileEncoding = 4; lastKnownFileType = sourcecode.c.objc; path = ZKBaseNetWork.m; sourceTree = "<group>"; };
		E23D677F1FDBDE800080C548 /* ZKHomeNetWork.h */ = {isa = PBXFileReference; fileEncoding = 4; lastKnownFileType = sourcecode.c.h; path = ZKHomeNetWork.h; sourceTree = "<group>"; };
		E23D67801FDBDE800080C548 /* ZKHomeNetWork.m */ = {isa = PBXFileReference; fileEncoding = 4; lastKnownFileType = sourcecode.c.objc; path = ZKHomeNetWork.m; sourceTree = "<group>"; };
		E23D67811FDBDE800080C548 /* ZKBaseNetWork.h */ = {isa = PBXFileReference; fileEncoding = 4; lastKnownFileType = sourcecode.c.h; path = ZKBaseNetWork.h; sourceTree = "<group>"; };
		E23D67821FDBDE800080C548 /* ZKHomeViewController.m */ = {isa = PBXFileReference; fileEncoding = 4; lastKnownFileType = sourcecode.c.objc; path = ZKHomeViewController.m; sourceTree = "<group>"; };
		E23D67841FDBDE800080C548 /* ZKHomeImgsCell.h */ = {isa = PBXFileReference; fileEncoding = 4; lastKnownFileType = sourcecode.c.h; path = ZKHomeImgsCell.h; sourceTree = "<group>"; };
		E23D67851FDBDE800080C548 /* ZKHomeTextCell.h */ = {isa = PBXFileReference; fileEncoding = 4; lastKnownFileType = sourcecode.c.h; path = ZKHomeTextCell.h; sourceTree = "<group>"; };
		E23D67861FDBDE800080C548 /* ZKHomeBigImgCell.m */ = {isa = PBXFileReference; fileEncoding = 4; lastKnownFileType = sourcecode.c.objc; path = ZKHomeBigImgCell.m; sourceTree = "<group>"; };
		E23D67871FDBDE800080C548 /* ZKHomeImgCell.h */ = {isa = PBXFileReference; fileEncoding = 4; lastKnownFileType = sourcecode.c.h; path = ZKHomeImgCell.h; sourceTree = "<group>"; };
		E23D67881FDBDE800080C548 /* ZKHomeDefaultCell.m */ = {isa = PBXFileReference; fileEncoding = 4; lastKnownFileType = sourcecode.c.objc; path = ZKHomeDefaultCell.m; sourceTree = "<group>"; };
		E23D67891FDBDE800080C548 /* ZKHomeTextCell.m */ = {isa = PBXFileReference; fileEncoding = 4; lastKnownFileType = sourcecode.c.objc; path = ZKHomeTextCell.m; sourceTree = "<group>"; };
		E23D678A1FDBDE800080C548 /* ZKHomeImgsCell.m */ = {isa = PBXFileReference; fileEncoding = 4; lastKnownFileType = sourcecode.c.objc; path = ZKHomeImgsCell.m; sourceTree = "<group>"; };
		E23D678B1FDBDE800080C548 /* ZKHomeDefaultCell.h */ = {isa = PBXFileReference; fileEncoding = 4; lastKnownFileType = sourcecode.c.h; path = ZKHomeDefaultCell.h; sourceTree = "<group>"; };
		E23D678C1FDBDE800080C548 /* ZKHomeImgCell.m */ = {isa = PBXFileReference; fileEncoding = 4; lastKnownFileType = sourcecode.c.objc; path = ZKHomeImgCell.m; sourceTree = "<group>"; };
		E23D678D1FDBDE800080C548 /* ZKHomeBigImgCell.h */ = {isa = PBXFileReference; fileEncoding = 4; lastKnownFileType = sourcecode.c.h; path = ZKHomeBigImgCell.h; sourceTree = "<group>"; };
		E23D67A01FDBE49C0080C548 /* ZKWeatherController.m */ = {isa = PBXFileReference; fileEncoding = 4; lastKnownFileType = sourcecode.c.objc; path = ZKWeatherController.m; sourceTree = "<group>"; };
		E23D67A31FDBE49C0080C548 /* cloudy_to_overcast.png */ = {isa = PBXFileReference; lastKnownFileType = image.png; path = cloudy_to_overcast.png; sourceTree = "<group>"; };
		E23D67A41FDBE49C0080C548 /* cloudy_to_rain@2x.png */ = {isa = PBXFileReference; lastKnownFileType = image.png; path = "cloudy_to_rain@2x.png"; sourceTree = "<group>"; };
		E23D67A51FDBE49C0080C548 /* cloudy@2x.png */ = {isa = PBXFileReference; lastKnownFileType = image.png; path = "cloudy@2x.png"; sourceTree = "<group>"; };
		E23D67A61FDBE49C0080C548 /* cloudy_to_overcast@2x.png */ = {isa = PBXFileReference; lastKnownFileType = image.png; path = "cloudy_to_overcast@2x.png"; sourceTree = "<group>"; };
		E23D67A71FDBE49C0080C548 /* rain_litter.png */ = {isa = PBXFileReference; lastKnownFileType = image.png; path = rain_litter.png; sourceTree = "<group>"; };
		E23D67A81FDBE49C0080C548 /* clear.png */ = {isa = PBXFileReference; lastKnownFileType = image.png; path = clear.png; sourceTree = "<group>"; };
		E23D67A91FDBE49C0080C548 /* cloudy_becoming_fine@2x.png */ = {isa = PBXFileReference; lastKnownFileType = image.png; path = "cloudy_becoming_fine@2x.png"; sourceTree = "<group>"; };
		E23D67AA1FDBE49C0080C548 /* little_snow@2x.png */ = {isa = PBXFileReference; lastKnownFileType = image.png; path = "little_snow@2x.png"; sourceTree = "<group>"; };
		E23D67AB1FDBE49C0080C548 /* overcast_to_clear.png */ = {isa = PBXFileReference; lastKnownFileType = image.png; path = overcast_to_clear.png; sourceTree = "<group>"; };
		E23D67AC1FDBE49C0080C548 /* shadey.png */ = {isa = PBXFileReference; lastKnownFileType = image.png; path = shadey.png; sourceTree = "<group>"; };
		E23D67AD1FDBE49C0080C548 /* clear_to_overcast@2x.png */ = {isa = PBXFileReference; lastKnownFileType = image.png; path = "clear_to_overcast@2x.png"; sourceTree = "<group>"; };
		E23D67AE1FDBE49C0080C548 /* little_snow.png */ = {isa = PBXFileReference; lastKnownFileType = image.png; path = little_snow.png; sourceTree = "<group>"; };
		E23D67AF1FDBE49C0080C548 /* cloudy_to_rain.png */ = {isa = PBXFileReference; lastKnownFileType = image.png; path = cloudy_to_rain.png; sourceTree = "<group>"; };
		E23D67B01FDBE49C0080C548 /* cloudy.png */ = {isa = PBXFileReference; lastKnownFileType = image.png; path = cloudy.png; sourceTree = "<group>"; };
		E23D67B11FDBE49C0080C548 /* clear_to_overcast.png */ = {isa = PBXFileReference; lastKnownFileType = image.png; path = clear_to_overcast.png; sourceTree = "<group>"; };
		E23D67B21FDBE49C0080C548 /* cloudy_becoming_fine.png */ = {isa = PBXFileReference; lastKnownFileType = image.png; path = cloudy_becoming_fine.png; sourceTree = "<group>"; };
		E23D67B31FDBE49C0080C548 /* overcast_to_clear@2x.png */ = {isa = PBXFileReference; lastKnownFileType = image.png; path = "overcast_to_clear@2x.png"; sourceTree = "<group>"; };
		E23D67B41FDBE49C0080C548 /* shadey@2x.png */ = {isa = PBXFileReference; lastKnownFileType = image.png; path = "shadey@2x.png"; sourceTree = "<group>"; };
		E23D67B51FDBE49C0080C548 /* clear@2x.png */ = {isa = PBXFileReference; lastKnownFileType = image.png; path = "clear@2x.png"; sourceTree = "<group>"; };
		E23D67B61FDBE49C0080C548 /* rain_litter@2x.png */ = {isa = PBXFileReference; lastKnownFileType = image.png; path = "rain_litter@2x.png"; sourceTree = "<group>"; };
		E23D67B81FDBE49C0080C548 /* bg_fog_night.jpg */ = {isa = PBXFileReference; lastKnownFileType = image.jpeg; path = bg_fog_night.jpg; sourceTree = "<group>"; };
		E23D67B91FDBE49C0080C548 /* bg_na.jpg */ = {isa = PBXFileReference; lastKnownFileType = image.jpeg; path = bg_na.jpg; sourceTree = "<group>"; };
		E23D67BA1FDBE49C0080C548 /* bg_normal.jpg */ = {isa = PBXFileReference; lastKnownFileType = image.jpeg; path = bg_normal.jpg; sourceTree = "<group>"; };
		E23D67BB1FDBE49C0080C548 /* bg_rain_night.jpg */ = {isa = PBXFileReference; lastKnownFileType = image.jpeg; path = bg_rain_night.jpg; sourceTree = "<group>"; };
		E23D67BC1FDBE49C0080C548 /* bg_snow_day.jpg */ = {isa = PBXFileReference; lastKnownFileType = image.jpeg; path = bg_snow_day.jpg; sourceTree = "<group>"; };
		E23D67BD1FDBE49C0080C548 /* bg_fog_day.jpg */ = {isa = PBXFileReference; lastKnownFileType = image.jpeg; path = bg_fog_day.jpg; sourceTree = "<group>"; };
		E23D67BE1FDBE49C0080C548 /* bg_fog.jpg */ = {isa = PBXFileReference; lastKnownFileType = image.jpeg; path = bg_fog.jpg; sourceTree = "<group>"; };
		E23D67BF1FDBE49C0080C548 /* bg_night_rain.jpg */ = {isa = PBXFileReference; lastKnownFileType = image.jpeg; path = bg_night_rain.jpg; sourceTree = "<group>"; };
		E23D67C01FDBE49C0080C548 /* bg_sunny_night.jpg */ = {isa = PBXFileReference; lastKnownFileType = image.jpeg; path = bg_sunny_night.jpg; sourceTree = "<group>"; };
		E23D67C11FDBE49C0080C548 /* bg_sunny_day.jpg */ = {isa = PBXFileReference; lastKnownFileType = image.jpeg; path = bg_sunny_day.jpg; sourceTree = "<group>"; };
		E23D67C21FDBE49C0080C548 /* bg_snow_night.jpg */ = {isa = PBXFileReference; lastKnownFileType = image.jpeg; path = bg_snow_night.jpg; sourceTree = "<group>"; };
		E23D67C31FDBE49C0080C548 /* bg_rain_day.jpg */ = {isa = PBXFileReference; lastKnownFileType = image.jpeg; path = bg_rain_day.jpg; sourceTree = "<group>"; };
		E23D67C41FDBE49C0080C548 /* bg_haze.jpg */ = {isa = PBXFileReference; lastKnownFileType = image.jpeg; path = bg_haze.jpg; sourceTree = "<group>"; };
		E23D67C51FDBE49C0080C548 /* cityGroups.plist */ = {isa = PBXFileReference; fileEncoding = 4; lastKnownFileType = text.plist.xml; path = cityGroups.plist; sourceTree = "<group>"; };
		E23D67C61FDBE49C0080C548 /* ZKCityViewController.m */ = {isa = PBXFileReference; fileEncoding = 4; lastKnownFileType = sourcecode.c.objc; path = ZKCityViewController.m; sourceTree = "<group>"; };
		E23D67C81FDBE49C0080C548 /* ZKCityModel.h */ = {isa = PBXFileReference; fileEncoding = 4; lastKnownFileType = sourcecode.c.h; path = ZKCityModel.h; sourceTree = "<group>"; };
		E23D67C91FDBE49C0080C548 /* ZKWeatherModel.h */ = {isa = PBXFileReference; fileEncoding = 4; lastKnownFileType = sourcecode.c.h; path = ZKWeatherModel.h; sourceTree = "<group>"; };
		E23D67CA1FDBE49C0080C548 /* ZKCityModel.m */ = {isa = PBXFileReference; fileEncoding = 4; lastKnownFileType = sourcecode.c.objc; path = ZKCityModel.m; sourceTree = "<group>"; };
		E23D67CB1FDBE49C0080C548 /* ZKWeatherModel.m */ = {isa = PBXFileReference; fileEncoding = 4; lastKnownFileType = sourcecode.c.objc; path = ZKWeatherModel.m; sourceTree = "<group>"; };
		E23D67CD1FDBE49C0080C548 /* ZKWeatherBottom.h */ = {isa = PBXFileReference; fileEncoding = 4; lastKnownFileType = sourcecode.c.h; path = ZKWeatherBottom.h; sourceTree = "<group>"; };
		E23D67CE1FDBE49C0080C548 /* ZKWeatherHeader.m */ = {isa = PBXFileReference; fileEncoding = 4; lastKnownFileType = sourcecode.c.objc; path = ZKWeatherHeader.m; sourceTree = "<group>"; };
		E23D67CF1FDBE49C0080C548 /* ZKWeatherItem.h */ = {isa = PBXFileReference; fileEncoding = 4; lastKnownFileType = sourcecode.c.h; path = ZKWeatherItem.h; sourceTree = "<group>"; };
		E23D67D01FDBE49C0080C548 /* ZKWeatherItem.m */ = {isa = PBXFileReference; fileEncoding = 4; lastKnownFileType = sourcecode.c.objc; path = ZKWeatherItem.m; sourceTree = "<group>"; };
		E23D67D11FDBE49C0080C548 /* ZKWeatherHeader.h */ = {isa = PBXFileReference; fileEncoding = 4; lastKnownFileType = sourcecode.c.h; path = ZKWeatherHeader.h; sourceTree = "<group>"; };
		E23D67D21FDBE49C0080C548 /* ZKWeatherBottom.m */ = {isa = PBXFileReference; fileEncoding = 4; lastKnownFileType = sourcecode.c.objc; path = ZKWeatherBottom.m; sourceTree = "<group>"; };
		E23D67D31FDBE49C0080C548 /* ZKWeatherController.h */ = {isa = PBXFileReference; fileEncoding = 4; lastKnownFileType = sourcecode.c.h; path = ZKWeatherController.h; sourceTree = "<group>"; };
		E23D67D41FDBE49C0080C548 /* ZKCityViewController.h */ = {isa = PBXFileReference; fileEncoding = 4; lastKnownFileType = sourcecode.c.h; path = ZKCityViewController.h; sourceTree = "<group>"; };
		E2443FB21FA86C6E00E84C65 /* NNews.app */ = {isa = PBXFileReference; explicitFileType = wrapper.application; includeInIndex = 0; path = NNews.app; sourceTree = BUILT_PRODUCTS_DIR; };
		E2443FB51FA86C6E00E84C65 /* AppDelegate.h */ = {isa = PBXFileReference; lastKnownFileType = sourcecode.c.h; path = AppDelegate.h; sourceTree = "<group>"; };
		E2443FB61FA86C6E00E84C65 /* AppDelegate.m */ = {isa = PBXFileReference; lastKnownFileType = sourcecode.c.objc; path = AppDelegate.m; sourceTree = "<group>"; };
		E2443FB81FA86C6E00E84C65 /* ViewController.h */ = {isa = PBXFileReference; lastKnownFileType = sourcecode.c.h; path = ViewController.h; sourceTree = "<group>"; };
		E2443FB91FA86C6E00E84C65 /* ViewController.m */ = {isa = PBXFileReference; lastKnownFileType = sourcecode.c.objc; path = ViewController.m; sourceTree = "<group>"; };
		E2443FBC1FA86C6E00E84C65 /* Base */ = {isa = PBXFileReference; lastKnownFileType = file.storyboard; name = Base; path = Base.lproj/Main.storyboard; sourceTree = "<group>"; };
		E2443FBE1FA86C6E00E84C65 /* Assets.xcassets */ = {isa = PBXFileReference; lastKnownFileType = folder.assetcatalog; path = Assets.xcassets; sourceTree = "<group>"; };
		E2443FC11FA86C6E00E84C65 /* Base */ = {isa = PBXFileReference; lastKnownFileType = file.storyboard; name = Base; path = Base.lproj/LaunchScreen.storyboard; sourceTree = "<group>"; };
		E2443FC31FA86C6E00E84C65 /* Info.plist */ = {isa = PBXFileReference; lastKnownFileType = text.plist.xml; path = Info.plist; sourceTree = "<group>"; };
		E2443FC41FA86C6E00E84C65 /* main.m */ = {isa = PBXFileReference; lastKnownFileType = sourcecode.c.objc; path = main.m; sourceTree = "<group>"; };
		E2443FE81FA86D4400E84C65 /* ZKTabBarViewController.h */ = {isa = PBXFileReference; lastKnownFileType = sourcecode.c.h; path = ZKTabBarViewController.h; sourceTree = "<group>"; };
		E2443FE91FA86D4400E84C65 /* ZKTabBarViewController.m */ = {isa = PBXFileReference; lastKnownFileType = sourcecode.c.objc; path = ZKTabBarViewController.m; sourceTree = "<group>"; };
		E2443FF41FA8701300E84C65 /* ZKFunsViewController.h */ = {isa = PBXFileReference; lastKnownFileType = sourcecode.c.h; path = ZKFunsViewController.h; sourceTree = "<group>"; };
		E2443FF51FA8701300E84C65 /* ZKFunsViewController.m */ = {isa = PBXFileReference; lastKnownFileType = sourcecode.c.objc; path = ZKFunsViewController.m; sourceTree = "<group>"; };
		E24440021FA879BF00E84C65 /* ZKNetWorkManager.h */ = {isa = PBXFileReference; lastKnownFileType = sourcecode.c.h; path = ZKNetWorkManager.h; sourceTree = "<group>"; };
		E24440031FA879BF00E84C65 /* ZKNetWorkManager.m */ = {isa = PBXFileReference; lastKnownFileType = sourcecode.c.objc; path = ZKNetWorkManager.m; sourceTree = "<group>"; };
		E24440051FA87C5A00E84C65 /* PrefixHeader.h */ = {isa = PBXFileReference; lastKnownFileType = sourcecode.c.h; path = PrefixHeader.h; sourceTree = "<group>"; };
		E24440111FA9602A00E84C65 /* ZKCommandFile.h */ = {isa = PBXFileReference; lastKnownFileType = sourcecode.c.h; path = ZKCommandFile.h; sourceTree = "<group>"; };
		E24440191FA9982E00E84C65 /* WebKit.framework */ = {isa = PBXFileReference; lastKnownFileType = wrapper.framework; name = WebKit.framework; path = System/Library/Frameworks/WebKit.framework; sourceTree = SDKROOT; };
		E244401B1FA9A15500E84C65 /* ZKHelperView.h */ = {isa = PBXFileReference; lastKnownFileType = sourcecode.c.h; path = ZKHelperView.h; sourceTree = "<group>"; };
		E244401C1FA9A15500E84C65 /* ZKHelperView.m */ = {isa = PBXFileReference; lastKnownFileType = sourcecode.c.objc; path = ZKHelperView.m; sourceTree = "<group>"; };
		E24440551FA9CFA300E84C65 /* ZKTTVideo.h */ = {isa = PBXFileReference; lastKnownFileType = sourcecode.c.h; path = ZKTTVideo.h; sourceTree = "<group>"; };
		E24440561FA9CFA300E84C65 /* ZKTTVideo.m */ = {isa = PBXFileReference; lastKnownFileType = sourcecode.c.objc; path = ZKTTVideo.m; sourceTree = "<group>"; };
		E24440581FA9CFC300E84C65 /* ZKTTVideoComment.h */ = {isa = PBXFileReference; lastKnownFileType = sourcecode.c.h; path = ZKTTVideoComment.h; sourceTree = "<group>"; };
		E24440591FA9CFC300E84C65 /* ZKTTVideoComment.m */ = {isa = PBXFileReference; lastKnownFileType = sourcecode.c.objc; path = ZKTTVideoComment.m; sourceTree = "<group>"; };
		E244405E1FA9D2F600E84C65 /* ZKFunsTableViewCell.h */ = {isa = PBXFileReference; lastKnownFileType = sourcecode.c.h; path = ZKFunsTableViewCell.h; sourceTree = "<group>"; };
		E244405F1FA9D2F600E84C65 /* ZKFunsTableViewCell.m */ = {isa = PBXFileReference; lastKnownFileType = sourcecode.c.objc; path = ZKFunsTableViewCell.m; sourceTree = "<group>"; };
		E24440731FAAE95700E84C65 /* ZKVideoPlayView.h */ = {isa = PBXFileReference; lastKnownFileType = sourcecode.c.h; path = ZKVideoPlayView.h; sourceTree = "<group>"; };
		E24440741FAAE95700E84C65 /* ZKVideoPlayView.m */ = {isa = PBXFileReference; lastKnownFileType = sourcecode.c.objc; path = ZKVideoPlayView.m; sourceTree = "<group>"; };
		E24440791FAC090B00E84C65 /* NSString+Extension.h */ = {isa = PBXFileReference; lastKnownFileType = sourcecode.c.h; path = "NSString+Extension.h"; sourceTree = "<group>"; };
		E244407A1FAC090B00E84C65 /* NSString+Extension.m */ = {isa = PBXFileReference; lastKnownFileType = sourcecode.c.objc; path = "NSString+Extension.m"; sourceTree = "<group>"; };
		E245BF381FBAF43F00D85BF7 /* en */ = {isa = PBXFileReference; lastKnownFileType = text.plist.strings; name = en; path = en.lproj/InfoPlist.strings; sourceTree = "<group>"; };
		E245BF3A1FBAF48200D85BF7 /* fr */ = {isa = PBXFileReference; lastKnownFileType = text.plist.strings; name = fr; path = fr.lproj/InfoPlist.strings; sourceTree = "<group>"; };
		E245BF3B1FBAF48A00D85BF7 /* zh-Hans */ = {isa = PBXFileReference; lastKnownFileType = text.plist.strings; name = "zh-Hans"; path = "zh-Hans.lproj/InfoPlist.strings"; sourceTree = "<group>"; };
		E245BF3C1FBAF49000D85BF7 /* zh-Hant */ = {isa = PBXFileReference; lastKnownFileType = text.plist.strings; name = "zh-Hant"; path = "zh-Hant.lproj/InfoPlist.strings"; sourceTree = "<group>"; };
		E245BF3D1FBAF49A00D85BF7 /* ko */ = {isa = PBXFileReference; lastKnownFileType = text.plist.strings; name = ko; path = ko.lproj/InfoPlist.strings; sourceTree = "<group>"; };
		E245BF411FBAF7BE00D85BF7 /* en */ = {isa = PBXFileReference; lastKnownFileType = text.plist.strings; name = en; path = en.lproj/Localizable.strings; sourceTree = "<group>"; };
		E245BF431FBAF7C000D85BF7 /* fr */ = {isa = PBXFileReference; lastKnownFileType = text.plist.strings; name = fr; path = fr.lproj/Localizable.strings; sourceTree = "<group>"; };
		E245BF441FBAF7C100D85BF7 /* zh-Hans */ = {isa = PBXFileReference; lastKnownFileType = text.plist.strings; name = "zh-Hans"; path = "zh-Hans.lproj/Localizable.strings"; sourceTree = "<group>"; };
		E245BF451FBAF7C300D85BF7 /* zh-Hant */ = {isa = PBXFileReference; lastKnownFileType = text.plist.strings; name = "zh-Hant"; path = "zh-Hant.lproj/Localizable.strings"; sourceTree = "<group>"; };
		E245BF461FBAF7C300D85BF7 /* ko */ = {isa = PBXFileReference; lastKnownFileType = text.plist.strings; name = ko; path = ko.lproj/Localizable.strings; sourceTree = "<group>"; };
		E251AFA91FB58FD900303EC9 /* README.md */ = {isa = PBXFileReference; lastKnownFileType = net.daringfireball.markdown; path = README.md; sourceTree = "<group>"; };
		E251AFAC1FB599C000303EC9 /* ZKMapManager.h */ = {isa = PBXFileReference; lastKnownFileType = sourcecode.c.h; path = ZKMapManager.h; sourceTree = "<group>"; };
		E251AFAD1FB599C000303EC9 /* ZKMapManager.m */ = {isa = PBXFileReference; lastKnownFileType = sourcecode.c.objc; path = ZKMapManager.m; sourceTree = "<group>"; };
		E2719DA31FCD5DEA0033D968 /* ZKLoginViewController.h */ = {isa = PBXFileReference; lastKnownFileType = sourcecode.c.h; path = ZKLoginViewController.h; sourceTree = "<group>"; };
		E2719DA41FCD5DEA0033D968 /* ZKLoginViewController.m */ = {isa = PBXFileReference; lastKnownFileType = sourcecode.c.objc; path = ZKLoginViewController.m; sourceTree = "<group>"; };
		E2719DA61FCD5DFA0033D968 /* ZKRegisterViewController.h */ = {isa = PBXFileReference; lastKnownFileType = sourcecode.c.h; path = ZKRegisterViewController.h; sourceTree = "<group>"; };
		E2719DA71FCD5DFA0033D968 /* ZKRegisterViewController.m */ = {isa = PBXFileReference; lastKnownFileType = sourcecode.c.objc; path = ZKRegisterViewController.m; sourceTree = "<group>"; };
		E2719DF71FCE61BC0033D968 /* ZKUser.m */ = {isa = PBXFileReference; fileEncoding = 4; lastKnownFileType = sourcecode.c.objc; path = ZKUser.m; sourceTree = "<group>"; };
		E2719DF81FCE61BC0033D968 /* ZKBmobManager.m */ = {isa = PBXFileReference; fileEncoding = 4; lastKnownFileType = sourcecode.c.objc; path = ZKBmobManager.m; sourceTree = "<group>"; };
		E2719DF91FCE61BD0033D968 /* ZKBmobManager.h */ = {isa = PBXFileReference; fileEncoding = 4; lastKnownFileType = sourcecode.c.h; path = ZKBmobManager.h; sourceTree = "<group>"; };
		E2719DFA1FCE61BD0033D968 /* ZKUser.h */ = {isa = PBXFileReference; fileEncoding = 4; lastKnownFileType = sourcecode.c.h; path = ZKUser.h; sourceTree = "<group>"; };
		E2778F501FC820A80064DA01 /* ZKToolManager.h */ = {isa = PBXFileReference; lastKnownFileType = sourcecode.c.h; path = ZKToolManager.h; sourceTree = "<group>"; };
		E2778F511FC820A80064DA01 /* ZKToolManager.m */ = {isa = PBXFileReference; lastKnownFileType = sourcecode.c.objc; path = ZKToolManager.m; sourceTree = "<group>"; };
		E2778F551FC820D40064DA01 /* ZKAboutViewController.h */ = {isa = PBXFileReference; fileEncoding = 4; lastKnownFileType = sourcecode.c.h; path = ZKAboutViewController.h; sourceTree = "<group>"; };
		E2778F561FC820D40064DA01 /* ZKAboutViewController.m */ = {isa = PBXFileReference; fileEncoding = 4; lastKnownFileType = sourcecode.c.objc; path = ZKAboutViewController.m; sourceTree = "<group>"; };
		E2778F581FC820D40064DA01 /* ZKFeedBackViewController.h */ = {isa = PBXFileReference; fileEncoding = 4; lastKnownFileType = sourcecode.c.h; path = ZKFeedBackViewController.h; sourceTree = "<group>"; };
		E2778F591FC820D40064DA01 /* ZKFeedBackViewController.m */ = {isa = PBXFileReference; fileEncoding = 4; lastKnownFileType = sourcecode.c.objc; path = ZKFeedBackViewController.m; sourceTree = "<group>"; };
		E2778F5B1FC820D40064DA01 /* ZKSettingModel.h */ = {isa = PBXFileReference; fileEncoding = 4; lastKnownFileType = sourcecode.c.h; path = ZKSettingModel.h; sourceTree = "<group>"; };
		E2778F5C1FC820D40064DA01 /* ZKSettingModel.m */ = {isa = PBXFileReference; fileEncoding = 4; lastKnownFileType = sourcecode.c.objc; path = ZKSettingModel.m; sourceTree = "<group>"; };
		E2778F5E1FC820D40064DA01 /* ZKSettingViewCell.h */ = {isa = PBXFileReference; fileEncoding = 4; lastKnownFileType = sourcecode.c.h; path = ZKSettingViewCell.h; sourceTree = "<group>"; };
		E2778F5F1FC820D40064DA01 /* ZKSettingViewCell.m */ = {isa = PBXFileReference; fileEncoding = 4; lastKnownFileType = sourcecode.c.objc; path = ZKSettingViewCell.m; sourceTree = "<group>"; };
		E2778F601FC820D40064DA01 /* ZKSettingsViewController.h */ = {isa = PBXFileReference; fileEncoding = 4; lastKnownFileType = sourcecode.c.h; path = ZKSettingsViewController.h; sourceTree = "<group>"; };
		E2778F611FC820D40064DA01 /* ZKSettingsViewController.m */ = {isa = PBXFileReference; fileEncoding = 4; lastKnownFileType = sourcecode.c.objc; path = ZKSettingsViewController.m; sourceTree = "<group>"; };
		E27DD10F1FD13712003BA461 /* ZKSwitchViewCell.h */ = {isa = PBXFileReference; lastKnownFileType = sourcecode.c.h; path = ZKSwitchViewCell.h; sourceTree = "<group>"; };
		E27DD1101FD13712003BA461 /* ZKSwitchViewCell.m */ = {isa = PBXFileReference; lastKnownFileType = sourcecode.c.objc; path = ZKSwitchViewCell.m; sourceTree = "<group>"; };
		E285D1CA1FE39D9D0066532E /* 1.jpeg */ = {isa = PBXFileReference; lastKnownFileType = image.jpeg; path = 1.jpeg; sourceTree = "<group>"; };
		E285D1CB1FE39D9D0066532E /* 4.jpeg */ = {isa = PBXFileReference; lastKnownFileType = image.jpeg; path = 4.jpeg; sourceTree = "<group>"; };
		E285D1CC1FE39D9D0066532E /* 5.jpeg */ = {isa = PBXFileReference; lastKnownFileType = image.jpeg; path = 5.jpeg; sourceTree = "<group>"; };
		E285D1CD1FE39D9D0066532E /* 2.jpeg */ = {isa = PBXFileReference; lastKnownFileType = image.jpeg; path = 2.jpeg; sourceTree = "<group>"; };
		E285D1CE1FE39D9D0066532E /* 3.jpeg */ = {isa = PBXFileReference; lastKnownFileType = image.jpeg; path = 3.jpeg; sourceTree = "<group>"; };
		E2929A3B1FB6C47500EA33E9 /* UIView+Animation.h */ = {isa = PBXFileReference; lastKnownFileType = sourcecode.c.h; path = "UIView+Animation.h"; sourceTree = "<group>"; };
		E2929A3C1FB6C47500EA33E9 /* UIView+Animation.m */ = {isa = PBXFileReference; lastKnownFileType = sourcecode.c.objc; path = "UIView+Animation.m"; sourceTree = "<group>"; };
		E29C4ACE1FE27D01008B0DEC /* ZKShareHelper.h */ = {isa = PBXFileReference; lastKnownFileType = sourcecode.c.h; path = ZKShareHelper.h; sourceTree = "<group>"; };
		E29C4ACF1FE27D01008B0DEC /* ZKShareHelper.m */ = {isa = PBXFileReference; lastKnownFileType = sourcecode.c.objc; path = ZKShareHelper.m; sourceTree = "<group>"; };
		E2A88A141FAC5DF500410CBA /* ZKFullViewController.h */ = {isa = PBXFileReference; lastKnownFileType = sourcecode.c.h; path = ZKFullViewController.h; sourceTree = "<group>"; };
		E2A88A151FAC5DF500410CBA /* ZKFullViewController.m */ = {isa = PBXFileReference; lastKnownFileType = sourcecode.c.objc; path = ZKFullViewController.m; sourceTree = "<group>"; };
		E2E8DF161FB40207008F8995 /* ZKPictureFullController.h */ = {isa = PBXFileReference; lastKnownFileType = sourcecode.c.h; path = ZKPictureFullController.h; sourceTree = "<group>"; };
		E2E8DF171FB40207008F8995 /* ZKPictureFullController.m */ = {isa = PBXFileReference; lastKnownFileType = sourcecode.c.objc; path = ZKPictureFullController.m; sourceTree = "<group>"; };
		E2F063691FB140F300BADD8A /* ZKDetailModelManager.h */ = {isa = PBXFileReference; lastKnownFileType = sourcecode.c.h; path = ZKDetailModelManager.h; sourceTree = "<group>"; };
		E2F0636A1FB140F300BADD8A /* ZKDetailModelManager.m */ = {isa = PBXFileReference; lastKnownFileType = sourcecode.c.objc; path = ZKDetailModelManager.m; sourceTree = "<group>"; };
/* End PBXFileReference section */

/* Begin PBXFrameworksBuildPhase section */
		E2443FAF1FA86C6E00E84C65 /* Frameworks */ = {
			isa = PBXFrameworksBuildPhase;
			buildActionMask = 2147483647;
			files = (
				E244401A1FA9982E00E84C65 /* WebKit.framework in Frameworks */,
				BE1351E9BEB79286081471DB /* libPods-NNews.a in Frameworks */,
			);
			runOnlyForDeploymentPostprocessing = 0;
		};
/* End PBXFrameworksBuildPhase section */

/* Begin PBXGroup section */
		6FDCC559E467A86B3FF06CAB /* Pods */ = {
			isa = PBXGroup;
			children = (
				801ABD53072112AB10E53CF7 /* Pods-NNews.debug.xcconfig */,
				DB3DA298AE23B0C5F601BC3E /* Pods-NNews.release.xcconfig */,
			);
			name = Pods;
			sourceTree = "<group>";
		};
		86AA56849A064FE3D82394B0 /* Frameworks */ = {
			isa = PBXGroup;
			children = (
				E24440191FA9982E00E84C65 /* WebKit.framework */,
				450F700E5C37477FC145B41A /* libPods-NNews.a */,
			);
			name = Frameworks;
			sourceTree = "<group>";
		};
		E223DD021FB2ABB800126A88 /* 趣图 */ = {
			isa = PBXGroup;
			children = (
				E223DD031FB2AC2800126A88 /* ZKPictureViewController.h */,
				E223DD041FB2AC2800126A88 /* ZKPictureViewController.m */,
				E2E8DF161FB40207008F8995 /* ZKPictureFullController.h */,
				E2E8DF171FB40207008F8995 /* ZKPictureFullController.m */,
				E223DD071FB2AE8400126A88 /* Views */,
				E223DD061FB2AE8400126A88 /* Model */,
			);
			path = "趣图";
			sourceTree = "<group>";
		};
		E223DD061FB2AE8400126A88 /* Model */ = {
			isa = PBXGroup;
			children = (
				E223DD0E1FB2AF3500126A88 /* ZKTTPicture.h */,
				E223DD0F1FB2AF3500126A88 /* ZKTTPicture.m */,
			);
			path = Model;
			sourceTree = "<group>";
		};
		E223DD071FB2AE8400126A88 /* Views */ = {
			isa = PBXGroup;
			children = (
				E223DD081FB2AEA700126A88 /* ZKPictureTableViewCell.h */,
				E223DD091FB2AEA700126A88 /* ZKPictureTableViewCell.m */,
			);
			path = Views;
			sourceTree = "<group>";
		};
		E2257EDB1FAD61B6006C14C4 /* 详情 */ = {
			isa = PBXGroup;
			children = (
				E2257EDC1FAD61D6006C14C4 /* ZKDetailViewController.h */,
				E2257EDD1FAD61D6006C14C4 /* ZKDetailViewController.m */,
				E2257EE01FAD62EF006C14C4 /* view */,
				E2257EDF1FAD62EF006C14C4 /* model */,
			);
			path = "详情";
			sourceTree = "<group>";
		};
		E2257EDF1FAD62EF006C14C4 /* model */ = {
			isa = PBXGroup;
			children = (
				E2F063691FB140F300BADD8A /* ZKDetailModelManager.h */,
				E2F0636A1FB140F300BADD8A /* ZKDetailModelManager.m */,
			);
			path = model;
			sourceTree = "<group>";
		};
		E2257EE01FAD62EF006C14C4 /* view */ = {
			isa = PBXGroup;
			children = (
				E2257EE11FAD6308006C14C4 /* ZKDetailHeaderView.h */,
				E2257EE21FAD6308006C14C4 /* ZKDetailHeaderView.m */,
				E2257EE41FAD6980006C14C4 /* ZKDetailTableViewCell.h */,
				E2257EE51FAD6980006C14C4 /* ZKDetailTableViewCell.m */,
			);
			path = view;
			sourceTree = "<group>";
		};
		E23D67631FDBDE7F0080C548 /* Model */ = {
			isa = PBXGroup;
			children = (
				E23D67641FDBDE7F0080C548 /* ZKNewsDetailModel.h */,
				E23D67671FDBDE7F0080C548 /* ZKNewsDetailModel.m */,
				E23D67681FDBDE7F0080C548 /* ZKHomeModel.h */,
				E23D67651FDBDE7F0080C548 /* ZKHomeModel.m */,
				E23D67661FDBDE7F0080C548 /* ZKBannerModel.h */,
				E23D67691FDBDE7F0080C548 /* ZKBannerModel.m */,
			);
			path = Model;
			sourceTree = "<group>";
		};
		E23D676A1FDBDE7F0080C548 /* ViewModel */ = {
			isa = PBXGroup;
			children = (
				E23D676C1FDBDE7F0080C548 /* ZKHomeViewModel.h */,
				E23D676B1FDBDE7F0080C548 /* ZKHomeViewModel.m */,
			);
			path = ViewModel;
			sourceTree = "<group>";
		};
		E23D676E1FDBDE7F0080C548 /* 详情 */ = {
			isa = PBXGroup;
			children = (
				E23D676F1FDBDE7F0080C548 /* ZKWebViewController.m */,
				E23D677B1FDBDE7F0080C548 /* ZKWebViewController.h */,
				E23D67701FDBDE7F0080C548 /* 图片详情 */,
			);
			path = "详情";
			sourceTree = "<group>";
		};
		E23D67701FDBDE7F0080C548 /* 图片详情 */ = {
			isa = PBXGroup;
			children = (
				E23D67711FDBDE7F0080C548 /* ZKPictureDetailViewController.m */,
				E23D67721FDBDE7F0080C548 /* model */,
				E23D67751FDBDE7F0080C548 /* view */,
				E23D677A1FDBDE7F0080C548 /* ZKPictureDetailViewController.h */,
			);
			path = "图片详情";
			sourceTree = "<group>";
		};
		E23D67721FDBDE7F0080C548 /* model */ = {
			isa = PBXGroup;
			children = (
				E23D67731FDBDE7F0080C548 /* ZKPictureModel.h */,
				E23D67741FDBDE7F0080C548 /* ZKPictureModel.m */,
			);
			path = model;
			sourceTree = "<group>";
		};
		E23D67751FDBDE7F0080C548 /* view */ = {
			isa = PBXGroup;
			children = (
				E23D67761FDBDE7F0080C548 /* ZKPictureContentView.h */,
				E23D67771FDBDE7F0080C548 /* ZKPictureBottomView.m */,
				E23D67781FDBDE7F0080C548 /* ZKPictureContentView.m */,
				E23D67791FDBDE7F0080C548 /* ZKPictureBottomView.h */,
			);
			path = view;
			sourceTree = "<group>";
		};
		E23D677C1FDBDE800080C548 /* VMNetWork */ = {
			isa = PBXGroup;
			children = (
				E23D67811FDBDE800080C548 /* ZKBaseNetWork.h */,
				E23D677D1FDBDE800080C548 /* ZKBaseNetWork.m */,
				E23D677E1FDBDE800080C548 /* HomeNet */,
			);
			path = VMNetWork;
			sourceTree = "<group>";
		};
		E23D677E1FDBDE800080C548 /* HomeNet */ = {
			isa = PBXGroup;
			children = (
				E23D677F1FDBDE800080C548 /* ZKHomeNetWork.h */,
				E23D67801FDBDE800080C548 /* ZKHomeNetWork.m */,
			);
			path = HomeNet;
			sourceTree = "<group>";
		};
		E23D67831FDBDE800080C548 /* View */ = {
			isa = PBXGroup;
			children = (
				E23D678D1FDBDE800080C548 /* ZKHomeBigImgCell.h */,
				E23D67861FDBDE800080C548 /* ZKHomeBigImgCell.m */,
				E23D678B1FDBDE800080C548 /* ZKHomeDefaultCell.h */,
				E23D67881FDBDE800080C548 /* ZKHomeDefaultCell.m */,
				E23D67871FDBDE800080C548 /* ZKHomeImgCell.h */,
				E23D678C1FDBDE800080C548 /* ZKHomeImgCell.m */,
				E23D67841FDBDE800080C548 /* ZKHomeImgsCell.h */,
				E23D678A1FDBDE800080C548 /* ZKHomeImgsCell.m */,
				E23D67851FDBDE800080C548 /* ZKHomeTextCell.h */,
				E23D67891FDBDE800080C548 /* ZKHomeTextCell.m */,
			);
			path = View;
			sourceTree = "<group>";
		};
		E23D679F1FDBE49C0080C548 /* 天气 */ = {
			isa = PBXGroup;
			children = (
				E23D67C71FDBE49C0080C548 /* Model */,
				E23D67A11FDBE49C0080C548 /* Resources */,
				E23D67CC1FDBE49C0080C548 /* View */,
				E23D67D41FDBE49C0080C548 /* ZKCityViewController.h */,
				E23D67C61FDBE49C0080C548 /* ZKCityViewController.m */,
				E23D67D31FDBE49C0080C548 /* ZKWeatherController.h */,
				E23D67A01FDBE49C0080C548 /* ZKWeatherController.m */,
			);
			path = "天气";
			sourceTree = "<group>";
		};
		E23D67A11FDBE49C0080C548 /* Resources */ = {
			isa = PBXGroup;
			children = (
				E23D67A21FDBE49C0080C548 /* 图标 */,
				E23D67B71FDBE49C0080C548 /* 背景 */,
				E23D67C51FDBE49C0080C548 /* cityGroups.plist */,
			);
			path = Resources;
			sourceTree = "<group>";
		};
		E23D67A21FDBE49C0080C548 /* 图标 */ = {
			isa = PBXGroup;
			children = (
				E23D67A31FDBE49C0080C548 /* cloudy_to_overcast.png */,
				E23D67A41FDBE49C0080C548 /* cloudy_to_rain@2x.png */,
				E23D67A51FDBE49C0080C548 /* cloudy@2x.png */,
				E23D67A61FDBE49C0080C548 /* cloudy_to_overcast@2x.png */,
				E23D67A71FDBE49C0080C548 /* rain_litter.png */,
				E23D67A81FDBE49C0080C548 /* clear.png */,
				E23D67A91FDBE49C0080C548 /* cloudy_becoming_fine@2x.png */,
				E23D67AA1FDBE49C0080C548 /* little_snow@2x.png */,
				E23D67AB1FDBE49C0080C548 /* overcast_to_clear.png */,
				E23D67AC1FDBE49C0080C548 /* shadey.png */,
				E23D67AD1FDBE49C0080C548 /* clear_to_overcast@2x.png */,
				E23D67AE1FDBE49C0080C548 /* little_snow.png */,
				E23D67AF1FDBE49C0080C548 /* cloudy_to_rain.png */,
				E23D67B01FDBE49C0080C548 /* cloudy.png */,
				E23D67B11FDBE49C0080C548 /* clear_to_overcast.png */,
				E23D67B21FDBE49C0080C548 /* cloudy_becoming_fine.png */,
				E23D67B31FDBE49C0080C548 /* overcast_to_clear@2x.png */,
				E23D67B41FDBE49C0080C548 /* shadey@2x.png */,
				E23D67B51FDBE49C0080C548 /* clear@2x.png */,
				E23D67B61FDBE49C0080C548 /* rain_litter@2x.png */,
			);
			path = "图标";
			sourceTree = "<group>";
		};
		E23D67B71FDBE49C0080C548 /* 背景 */ = {
			isa = PBXGroup;
			children = (
				E23D67B81FDBE49C0080C548 /* bg_fog_night.jpg */,
				E23D67B91FDBE49C0080C548 /* bg_na.jpg */,
				E23D67BA1FDBE49C0080C548 /* bg_normal.jpg */,
				E23D67BB1FDBE49C0080C548 /* bg_rain_night.jpg */,
				E23D67BC1FDBE49C0080C548 /* bg_snow_day.jpg */,
				E23D67BD1FDBE49C0080C548 /* bg_fog_day.jpg */,
				E23D67BE1FDBE49C0080C548 /* bg_fog.jpg */,
				E23D67BF1FDBE49C0080C548 /* bg_night_rain.jpg */,
				E23D67C01FDBE49C0080C548 /* bg_sunny_night.jpg */,
				E23D67C11FDBE49C0080C548 /* bg_sunny_day.jpg */,
				E23D67C21FDBE49C0080C548 /* bg_snow_night.jpg */,
				E23D67C31FDBE49C0080C548 /* bg_rain_day.jpg */,
				E23D67C41FDBE49C0080C548 /* bg_haze.jpg */,
			);
			path = "背景";
			sourceTree = "<group>";
		};
		E23D67C71FDBE49C0080C548 /* Model */ = {
			isa = PBXGroup;
			children = (
				E23D67C81FDBE49C0080C548 /* ZKCityModel.h */,
				E23D67C91FDBE49C0080C548 /* ZKWeatherModel.h */,
				E23D67CA1FDBE49C0080C548 /* ZKCityModel.m */,
				E23D67CB1FDBE49C0080C548 /* ZKWeatherModel.m */,
			);
			path = Model;
			sourceTree = "<group>";
		};
		E23D67CC1FDBE49C0080C548 /* View */ = {
			isa = PBXGroup;
			children = (
				E23D67CD1FDBE49C0080C548 /* ZKWeatherBottom.h */,
				E23D67CE1FDBE49C0080C548 /* ZKWeatherHeader.m */,
				E23D67CF1FDBE49C0080C548 /* ZKWeatherItem.h */,
				E23D67D01FDBE49C0080C548 /* ZKWeatherItem.m */,
				E23D67D11FDBE49C0080C548 /* ZKWeatherHeader.h */,
				E23D67D21FDBE49C0080C548 /* ZKWeatherBottom.m */,
			);
			path = View;
			sourceTree = "<group>";
		};
		E2443FA91FA86C6D00E84C65 = {
			isa = PBXGroup;
			children = (
				E285D1C91FE39D9D0066532E /* screenshot */,
				E2443FB41FA86C6E00E84C65 /* NNews */,
				E2443FB31FA86C6E00E84C65 /* Products */,
				6FDCC559E467A86B3FF06CAB /* Pods */,
				86AA56849A064FE3D82394B0 /* Frameworks */,
			);
			sourceTree = "<group>";
		};
		E2443FB31FA86C6E00E84C65 /* Products */ = {
			isa = PBXGroup;
			children = (
				E2443FB21FA86C6E00E84C65 /* NNews.app */,
			);
			name = Products;
			sourceTree = "<group>";
		};
		E2443FB41FA86C6E00E84C65 /* NNews */ = {
			isa = PBXGroup;
			children = (
				E2719DA21FCD5DDA0033D968 /* Login */,
				E2443FB51FA86C6E00E84C65 /* AppDelegate.h */,
				E2443FB61FA86C6E00E84C65 /* AppDelegate.m */,
				E2443FB81FA86C6E00E84C65 /* ViewController.h */,
				E2443FB91FA86C6E00E84C65 /* ViewController.m */,
				E24440011FA879A300E84C65 /* Category */,
				E24440001FA879A200E84C65 /* Tools */,
				E2443FE71FA86C9700E84C65 /* Main */,
				E2443FEB1FA86F1100E84C65 /* viewControllers */,
				E2443FBB1FA86C6E00E84C65 /* Main.storyboard */,
				E2443FBE1FA86C6E00E84C65 /* Assets.xcassets */,
				E24440051FA87C5A00E84C65 /* PrefixHeader.h */,
				E24440111FA9602A00E84C65 /* ZKCommandFile.h */,
				E2443FC01FA86C6E00E84C65 /* LaunchScreen.storyboard */,
				E2443FC31FA86C6E00E84C65 /* Info.plist */,
				E245BF421FBAF7BE00D85BF7 /* Localizable.strings */,
				E245BF391FBAF43F00D85BF7 /* InfoPlist.strings */,
				E2443FC41FA86C6E00E84C65 /* main.m */,
				E251AFA91FB58FD900303EC9 /* README.md */,
			);
			path = NNews;
			sourceTree = "<group>";
		};
		E2443FE71FA86C9700E84C65 /* Main */ = {
			isa = PBXGroup;
			children = (
				E2443FE81FA86D4400E84C65 /* ZKTabBarViewController.h */,
				E2443FE91FA86D4400E84C65 /* ZKTabBarViewController.m */,
				E2257EEA1FAD71CB006C14C4 /* ZKNavigationController.h */,
				E2257EEB1FAD71CB006C14C4 /* ZKNavigationController.m */,
			);
			path = Main;
			sourceTree = "<group>";
		};
		E2443FEB1FA86F1100E84C65 /* viewControllers */ = {
			isa = PBXGroup;
			children = (
				E2443FEC1FA86F5A00E84C65 /* 新闻 */,
				E223DD021FB2ABB800126A88 /* 趣图 */,
				E2443FEE1FA86FB500E84C65 /* 趣事 */,
				E23D679F1FDBE49C0080C548 /* 天气 */,
				E2778F531FC820D40064DA01 /* 设置 */,
				E2257EDB1FAD61B6006C14C4 /* 详情 */,
			);
			path = viewControllers;
			sourceTree = "<group>";
		};
		E2443FEC1FA86F5A00E84C65 /* 新闻 */ = {
			isa = PBXGroup;
			children = (
				E23D676D1FDBDE7F0080C548 /* ZKHomeViewController.h */,
				E23D67821FDBDE800080C548 /* ZKHomeViewController.m */,
				E23D676E1FDBDE7F0080C548 /* 详情 */,
				E23D67631FDBDE7F0080C548 /* Model */,
				E23D67831FDBDE800080C548 /* View */,
				E23D676A1FDBDE7F0080C548 /* ViewModel */,
				E23D677C1FDBDE800080C548 /* VMNetWork */,
			);
			path = "新闻";
			sourceTree = "<group>";
		};
		E2443FEE1FA86FB500E84C65 /* 趣事 */ = {
			isa = PBXGroup;
			children = (
				E2443FF41FA8701300E84C65 /* ZKFunsViewController.h */,
				E2443FF51FA8701300E84C65 /* ZKFunsViewController.m */,
				E2A88A141FAC5DF500410CBA /* ZKFullViewController.h */,
				E2A88A151FAC5DF500410CBA /* ZKFullViewController.m */,
				E24440531FA9C5F600E84C65 /* View */,
				E24440541FA9C5F600E84C65 /* Model */,
			);
			path = "趣事";
			sourceTree = "<group>";
		};
		E24440001FA879A200E84C65 /* Tools */ = {
			isa = PBXGroup;
			children = (
				E2056B651FD7D8BF00CC4CFB /* ZKRefreshGiftHeader.h */,
				E2056B661FD7D8BF00CC4CFB /* ZKRefreshGiftHeader.m */,
				E2778F501FC820A80064DA01 /* ZKToolManager.h */,
				E2778F511FC820A80064DA01 /* ZKToolManager.m */,
				E29C4ACE1FE27D01008B0DEC /* ZKShareHelper.h */,
				E29C4ACF1FE27D01008B0DEC /* ZKShareHelper.m */,
				E24440021FA879BF00E84C65 /* ZKNetWorkManager.h */,
				E24440031FA879BF00E84C65 /* ZKNetWorkManager.m */,
				E244401B1FA9A15500E84C65 /* ZKHelperView.h */,
				E244401C1FA9A15500E84C65 /* ZKHelperView.m */,
				E251AFAC1FB599C000303EC9 /* ZKMapManager.h */,
				E251AFAD1FB599C000303EC9 /* ZKMapManager.m */,
				E2719DF91FCE61BD0033D968 /* ZKBmobManager.h */,
				E2719DF81FCE61BC0033D968 /* ZKBmobManager.m */,
				E2719DFA1FCE61BD0033D968 /* ZKUser.h */,
				E2719DF71FCE61BC0033D968 /* ZKUser.m */,
			);
			path = Tools;
			sourceTree = "<group>";
		};
		E24440011FA879A300E84C65 /* Category */ = {
			isa = PBXGroup;
			children = (
				E24440791FAC090B00E84C65 /* NSString+Extension.h */,
				E244407A1FAC090B00E84C65 /* NSString+Extension.m */,
				E2929A3B1FB6C47500EA33E9 /* UIView+Animation.h */,
				E2929A3C1FB6C47500EA33E9 /* UIView+Animation.m */,
			);
			path = Category;
			sourceTree = "<group>";
		};
		E24440531FA9C5F600E84C65 /* View */ = {
			isa = PBXGroup;
			children = (
				E244405E1FA9D2F600E84C65 /* ZKFunsTableViewCell.h */,
				E244405F1FA9D2F600E84C65 /* ZKFunsTableViewCell.m */,
				E24440731FAAE95700E84C65 /* ZKVideoPlayView.h */,
				E24440741FAAE95700E84C65 /* ZKVideoPlayView.m */,
			);
			path = View;
			sourceTree = "<group>";
		};
		E24440541FA9C5F600E84C65 /* Model */ = {
			isa = PBXGroup;
			children = (
				E24440551FA9CFA300E84C65 /* ZKTTVideo.h */,
				E24440561FA9CFA300E84C65 /* ZKTTVideo.m */,
				E24440581FA9CFC300E84C65 /* ZKTTVideoComment.h */,
				E24440591FA9CFC300E84C65 /* ZKTTVideoComment.m */,
				E223DCFF1FB2A0F700126A88 /* ZKTTVideoUser.h */,
				E223DD001FB2A0F700126A88 /* ZKTTVideoUser.m */,
			);
			path = Model;
			sourceTree = "<group>";
		};
		E2719DA21FCD5DDA0033D968 /* Login */ = {
			isa = PBXGroup;
			children = (
				E2719DA31FCD5DEA0033D968 /* ZKLoginViewController.h */,
				E2719DA41FCD5DEA0033D968 /* ZKLoginViewController.m */,
				E2719DA61FCD5DFA0033D968 /* ZKRegisterViewController.h */,
				E2719DA71FCD5DFA0033D968 /* ZKRegisterViewController.m */,
			);
			path = Login;
			sourceTree = "<group>";
		};
		E2778F531FC820D40064DA01 /* 设置 */ = {
			isa = PBXGroup;
			children = (
				E2778F541FC820D40064DA01 /* About */,
				E2778F571FC820D40064DA01 /* FeedBack */,
				E2778F5A1FC820D40064DA01 /* Model */,
				E2778F5D1FC820D40064DA01 /* View */,
				E2778F601FC820D40064DA01 /* ZKSettingsViewController.h */,
				E2778F611FC820D40064DA01 /* ZKSettingsViewController.m */,
			);
			path = "设置";
			sourceTree = "<group>";
		};
		E2778F541FC820D40064DA01 /* About */ = {
			isa = PBXGroup;
			children = (
				E2778F551FC820D40064DA01 /* ZKAboutViewController.h */,
				E2778F561FC820D40064DA01 /* ZKAboutViewController.m */,
			);
			path = About;
			sourceTree = "<group>";
		};
		E2778F571FC820D40064DA01 /* FeedBack */ = {
			isa = PBXGroup;
			children = (
				E2778F581FC820D40064DA01 /* ZKFeedBackViewController.h */,
				E2778F591FC820D40064DA01 /* ZKFeedBackViewController.m */,
			);
			path = FeedBack;
			sourceTree = "<group>";
		};
		E2778F5A1FC820D40064DA01 /* Model */ = {
			isa = PBXGroup;
			children = (
				E2778F5B1FC820D40064DA01 /* ZKSettingModel.h */,
				E2778F5C1FC820D40064DA01 /* ZKSettingModel.m */,
			);
			path = Model;
			sourceTree = "<group>";
		};
		E2778F5D1FC820D40064DA01 /* View */ = {
			isa = PBXGroup;
			children = (
				E2778F5E1FC820D40064DA01 /* ZKSettingViewCell.h */,
				E2778F5F1FC820D40064DA01 /* ZKSettingViewCell.m */,
				E27DD10F1FD13712003BA461 /* ZKSwitchViewCell.h */,
				E27DD1101FD13712003BA461 /* ZKSwitchViewCell.m */,
			);
			path = View;
			sourceTree = "<group>";
		};
		E285D1C91FE39D9D0066532E /* screenshot */ = {
			isa = PBXGroup;
			children = (
				E285D1CA1FE39D9D0066532E /* 1.jpeg */,
				E285D1CB1FE39D9D0066532E /* 4.jpeg */,
				E285D1CC1FE39D9D0066532E /* 5.jpeg */,
				E285D1CD1FE39D9D0066532E /* 2.jpeg */,
				E285D1CE1FE39D9D0066532E /* 3.jpeg */,
			);
			path = screenshot;
			sourceTree = "<group>";
		};
/* End PBXGroup section */

/* Begin PBXNativeTarget section */
		E2443FB11FA86C6E00E84C65 /* NNews */ = {
			isa = PBXNativeTarget;
			buildConfigurationList = E2443FDE1FA86C6E00E84C65 /* Build configuration list for PBXNativeTarget "NNews" */;
			buildPhases = (
				51B6540469D5380033E9BEB1 /* [CP] Check Pods Manifest.lock */,
				E2443FAE1FA86C6E00E84C65 /* Sources */,
				E2443FAF1FA86C6E00E84C65 /* Frameworks */,
				E2443FB01FA86C6E00E84C65 /* Resources */,
				EEE46B6EF63361BFF749AF7D /* [CP] Embed Pods Frameworks */,
				779FF7AA554E8DEBB52C8CA0 /* [CP] Copy Pods Resources */,
			);
			buildRules = (
			);
			dependencies = (
			);
			name = NNews;
			productName = NNews;
			productReference = E2443FB21FA86C6E00E84C65 /* NNews.app */;
			productType = "com.apple.product-type.application";
		};
/* End PBXNativeTarget section */

/* Begin PBXProject section */
		E2443FAA1FA86C6D00E84C65 /* Project object */ = {
			isa = PBXProject;
			attributes = {
				LastUpgradeCheck = 0900;
				ORGANIZATIONNAME = Tom;
				TargetAttributes = {
					E2443FB11FA86C6E00E84C65 = {
						CreatedOnToolsVersion = 9.0;
						ProvisioningStyle = Automatic;
					};
				};
			};
			buildConfigurationList = E2443FAD1FA86C6D00E84C65 /* Build configuration list for PBXProject "NNews" */;
			compatibilityVersion = "Xcode 8.0";
			developmentRegion = en;
			hasScannedForEncodings = 0;
			knownRegions = (
				en,
				Base,
				fr,
				"zh-Hans",
				"zh-Hant",
				ko,
			);
			mainGroup = E2443FA91FA86C6D00E84C65;
			productRefGroup = E2443FB31FA86C6E00E84C65 /* Products */;
			projectDirPath = "";
			projectRoot = "";
			targets = (
				E2443FB11FA86C6E00E84C65 /* NNews */,
			);
		};
/* End PBXProject section */

/* Begin PBXResourcesBuildPhase section */
		E2443FB01FA86C6E00E84C65 /* Resources */ = {
			isa = PBXResourcesBuildPhase;
			buildActionMask = 2147483647;
			files = (
				E285D1D21FE39D9D0066532E /* 2.jpeg in Resources */,
				E23D67E81FDBE49C0080C548 /* clear@2x.png in Resources */,
				E2443FC21FA86C6E00E84C65 /* LaunchScreen.storyboard in Resources */,
				E23D67F11FDBE49C0080C548 /* bg_night_rain.jpg in Resources */,
				E23D67D71FDBE49C0080C548 /* cloudy_to_rain@2x.png in Resources */,
				E23D67D81FDBE49C0080C548 /* cloudy@2x.png in Resources */,
				E23D67DE1FDBE49C0080C548 /* overcast_to_clear.png in Resources */,
				E23D67E11FDBE49C0080C548 /* little_snow.png in Resources */,
				E23D67E91FDBE49C0080C548 /* rain_litter@2x.png in Resources */,
				E285D1D31FE39D9D0066532E /* 3.jpeg in Resources */,
				E23D67E01FDBE49C0080C548 /* clear_to_overcast@2x.png in Resources */,
				E23D67EE1FDBE49C0080C548 /* bg_snow_day.jpg in Resources */,
				E245BF371FBAF43F00D85BF7 /* InfoPlist.strings in Resources */,
				E285D1D01FE39D9D0066532E /* 4.jpeg in Resources */,
				E23D67EB1FDBE49C0080C548 /* bg_na.jpg in Resources */,
				E23D67ED1FDBE49C0080C548 /* bg_rain_night.jpg in Resources */,
				E23D67DF1FDBE49C0080C548 /* shadey.png in Resources */,
				E23D67EA1FDBE49C0080C548 /* bg_fog_night.jpg in Resources */,
				E23D67E61FDBE49C0080C548 /* overcast_to_clear@2x.png in Resources */,
				E285D1D11FE39D9D0066532E /* 5.jpeg in Resources */,
				E23D67F61FDBE49C0080C548 /* bg_haze.jpg in Resources */,
				E23D67F31FDBE49C0080C548 /* bg_sunny_day.jpg in Resources */,
				E23D67E71FDBE49C0080C548 /* shadey@2x.png in Resources */,
				E23D67DC1FDBE49C0080C548 /* cloudy_becoming_fine@2x.png in Resources */,
				E23D67F51FDBE49C0080C548 /* bg_rain_day.jpg in Resources */,
				E23D67D91FDBE49C0080C548 /* cloudy_to_overcast@2x.png in Resources */,
				E23D67E31FDBE49C0080C548 /* cloudy.png in Resources */,
				E23D67EC1FDBE49C0080C548 /* bg_normal.jpg in Resources */,
				E23D67EF1FDBE49C0080C548 /* bg_fog_day.jpg in Resources */,
				E23D67E41FDBE49C0080C548 /* clear_to_overcast.png in Resources */,
				E23D67E21FDBE49C0080C548 /* cloudy_to_rain.png in Resources */,
				E245BF401FBAF7BE00D85BF7 /* Localizable.strings in Resources */,
				E2443FBF1FA86C6E00E84C65 /* Assets.xcassets in Resources */,
				E2443FBD1FA86C6E00E84C65 /* Main.storyboard in Resources */,
				E23D67F41FDBE49C0080C548 /* bg_snow_night.jpg in Resources */,
				E23D67E51FDBE49C0080C548 /* cloudy_becoming_fine.png in Resources */,
				E23D67F71FDBE49C0080C548 /* cityGroups.plist in Resources */,
				E23D67D61FDBE49C0080C548 /* cloudy_to_overcast.png in Resources */,
				E23D67DA1FDBE49C0080C548 /* rain_litter.png in Resources */,
				E285D1CF1FE39D9D0066532E /* 1.jpeg in Resources */,
				E23D67F01FDBE49C0080C548 /* bg_fog.jpg in Resources */,
				E23D67DD1FDBE49C0080C548 /* little_snow@2x.png in Resources */,
				E23D67DB1FDBE49C0080C548 /* clear.png in Resources */,
				E23D67F21FDBE49C0080C548 /* bg_sunny_night.jpg in Resources */,
			);
			runOnlyForDeploymentPostprocessing = 0;
		};
/* End PBXResourcesBuildPhase section */

/* Begin PBXShellScriptBuildPhase section */
		51B6540469D5380033E9BEB1 /* [CP] Check Pods Manifest.lock */ = {
			isa = PBXShellScriptBuildPhase;
			buildActionMask = 2147483647;
			files = (
			);
			inputPaths = (
				"${PODS_PODFILE_DIR_PATH}/Podfile.lock",
				"${PODS_ROOT}/Manifest.lock",
			);
			name = "[CP] Check Pods Manifest.lock";
			outputPaths = (
				"$(DERIVED_FILE_DIR)/Pods-NNews-checkManifestLockResult.txt",
			);
			runOnlyForDeploymentPostprocessing = 0;
			shellPath = /bin/sh;
			shellScript = "diff \"${PODS_PODFILE_DIR_PATH}/Podfile.lock\" \"${PODS_ROOT}/Manifest.lock\" > /dev/null\nif [ $? != 0 ] ; then\n    # print error to STDERR\n    echo \"error: The sandbox is not in sync with the Podfile.lock. Run 'pod install' or update your CocoaPods installation.\" >&2\n    exit 1\nfi\n# This output is used by Xcode 'outputs' to avoid re-running this script phase.\necho \"SUCCESS\" > \"${SCRIPT_OUTPUT_FILE_0}\"\n";
			showEnvVarsInLog = 0;
		};
		779FF7AA554E8DEBB52C8CA0 /* [CP] Copy Pods Resources */ = {
			isa = PBXShellScriptBuildPhase;
			buildActionMask = 2147483647;
			files = (
			);
			inputPaths = (
				"${SRCROOT}/Pods/Target Support Files/Pods-NNews/Pods-NNews-resources.sh",
				"${PODS_ROOT}/MJRefresh/MJRefresh/MJRefresh.bundle",
				"${PODS_ROOT}/SVProgressHUD/SVProgressHUD/SVProgressHUD.bundle",
			);
			name = "[CP] Copy Pods Resources";
			outputPaths = (
				"${TARGET_BUILD_DIR}/${UNLOCALIZED_RESOURCES_FOLDER_PATH}",
			);
			runOnlyForDeploymentPostprocessing = 0;
			shellPath = /bin/sh;
			shellScript = "\"${SRCROOT}/Pods/Target Support Files/Pods-NNews/Pods-NNews-resources.sh\"\n";
			showEnvVarsInLog = 0;
		};
		EEE46B6EF63361BFF749AF7D /* [CP] Embed Pods Frameworks */ = {
			isa = PBXShellScriptBuildPhase;
			buildActionMask = 2147483647;
			files = (
			);
			inputPaths = (
			);
			name = "[CP] Embed Pods Frameworks";
			outputPaths = (
			);
			runOnlyForDeploymentPostprocessing = 0;
			shellPath = /bin/sh;
			shellScript = "\"${SRCROOT}/Pods/Target Support Files/Pods-NNews/Pods-NNews-frameworks.sh\"\n";
			showEnvVarsInLog = 0;
		};
/* End PBXShellScriptBuildPhase section */

/* Begin PBXSourcesBuildPhase section */
		E2443FAE1FA86C6E00E84C65 /* Sources */ = {
			isa = PBXSourcesBuildPhase;
			buildActionMask = 2147483647;
			files = (
				E223DD051FB2AC2800126A88 /* ZKPictureViewController.m in Sources */,
				E24440751FAAE95700E84C65 /* ZKVideoPlayView.m in Sources */,
				E2778F621FC820D40064DA01 /* ZKAboutViewController.m in Sources */,
				E244401D1FA9A15500E84C65 /* ZKHelperView.m in Sources */,
				E23D67971FDBDE800080C548 /* ZKBaseNetWork.m in Sources */,
				E2719DA81FCD5DFA0033D968 /* ZKRegisterViewController.m in Sources */,
				E23D67F91FDBE49C0080C548 /* ZKCityModel.m in Sources */,
				E23D67F81FDBE49C0080C548 /* ZKCityViewController.m in Sources */,
				E2F0636B1FB140F300BADD8A /* ZKDetailModelManager.m in Sources */,
				E23D67FA1FDBE49C0080C548 /* ZKWeatherModel.m in Sources */,
				E23D67D51FDBE49C0080C548 /* ZKWeatherController.m in Sources */,
				E2257EDE1FAD61D6006C14C4 /* ZKDetailViewController.m in Sources */,
				E2257EE31FAD6308006C14C4 /* ZKDetailHeaderView.m in Sources */,
				E2778F521FC820A80064DA01 /* ZKToolManager.m in Sources */,
				E23D678F1FDBDE800080C548 /* ZKNewsDetailModel.m in Sources */,
				E2778F641FC820D40064DA01 /* ZKSettingModel.m in Sources */,
				E2778F631FC820D40064DA01 /* ZKFeedBackViewController.m in Sources */,
				E23D67991FDBDE800080C548 /* ZKHomeViewController.m in Sources */,
				E2778F651FC820D40064DA01 /* ZKSettingViewCell.m in Sources */,
				E2719DA51FCD5DEA0033D968 /* ZKLoginViewController.m in Sources */,
				E2443FF61FA8701300E84C65 /* ZKFunsViewController.m in Sources */,
				E23D67921FDBDE800080C548 /* ZKWebViewController.m in Sources */,
				E23D67FC1FDBE49C0080C548 /* ZKWeatherItem.m in Sources */,
				E23D67931FDBDE800080C548 /* ZKPictureDetailViewController.m in Sources */,
				E2929A3D1FB6C47500EA33E9 /* UIView+Animation.m in Sources */,
				E244405A1FA9CFC300E84C65 /* ZKTTVideoComment.m in Sources */,
				E23D67FD1FDBE49C0080C548 /* ZKWeatherBottom.m in Sources */,
				E251AFAE1FB599C000303EC9 /* ZKMapManager.m in Sources */,
				E223DD011FB2A0F700126A88 /* ZKTTVideoUser.m in Sources */,
				E23D679E1FDBDE800080C548 /* ZKHomeImgCell.m in Sources */,
				E2E8DF181FB40207008F8995 /* ZKPictureFullController.m in Sources */,
				E24440041FA879BF00E84C65 /* ZKNetWorkManager.m in Sources */,
				E23D67951FDBDE800080C548 /* ZKPictureBottomView.m in Sources */,
				E2719DFC1FCE61BD0033D968 /* ZKBmobManager.m in Sources */,
				E23D679D1FDBDE800080C548 /* ZKHomeImgsCell.m in Sources */,
				E2443FBA1FA86C6E00E84C65 /* ViewController.m in Sources */,
				E2443FC51FA86C6E00E84C65 /* main.m in Sources */,
				E23D67981FDBDE800080C548 /* ZKHomeNetWork.m in Sources */,
				E29C4AD01FE27D01008B0DEC /* ZKShareHelper.m in Sources */,
				E2719DFB1FCE61BD0033D968 /* ZKUser.m in Sources */,
				E23D67961FDBDE800080C548 /* ZKPictureContentView.m in Sources */,
				E223DD0A1FB2AEA700126A88 /* ZKPictureTableViewCell.m in Sources */,
				E23D678E1FDBDE800080C548 /* ZKHomeModel.m in Sources */,
				E27DD1111FD13712003BA461 /* ZKSwitchViewCell.m in Sources */,
				E2443FB71FA86C6E00E84C65 /* AppDelegate.m in Sources */,
				E2257EEC1FAD71CB006C14C4 /* ZKNavigationController.m in Sources */,
				E244407B1FAC090B00E84C65 /* NSString+Extension.m in Sources */,
				E2778F661FC820D40064DA01 /* ZKSettingsViewController.m in Sources */,
				E23D679B1FDBDE800080C548 /* ZKHomeDefaultCell.m in Sources */,
				E23D67941FDBDE800080C548 /* ZKPictureModel.m in Sources */,
				E2056B671FD7D8BF00CC4CFB /* ZKRefreshGiftHeader.m in Sources */,
				E23D67911FDBDE800080C548 /* ZKHomeViewModel.m in Sources */,
				E23D67FB1FDBE49C0080C548 /* ZKWeatherHeader.m in Sources */,
				E23D679A1FDBDE800080C548 /* ZKHomeBigImgCell.m in Sources */,
				E23D679C1FDBDE800080C548 /* ZKHomeTextCell.m in Sources */,
				E2A88A161FAC5DF500410CBA /* ZKFullViewController.m in Sources */,
				E2443FEA1FA86D4400E84C65 /* ZKTabBarViewController.m in Sources */,
				E2257EE61FAD6980006C14C4 /* ZKDetailTableViewCell.m in Sources */,
				E24440601FA9D2F600E84C65 /* ZKFunsTableViewCell.m in Sources */,
				E223DD101FB2AF3500126A88 /* ZKTTPicture.m in Sources */,
				E23D67901FDBDE800080C548 /* ZKBannerModel.m in Sources */,
				E24440571FA9CFA300E84C65 /* ZKTTVideo.m in Sources */,
			);
			runOnlyForDeploymentPostprocessing = 0;
		};
/* End PBXSourcesBuildPhase section */

/* Begin PBXVariantGroup section */
		E2443FBB1FA86C6E00E84C65 /* Main.storyboard */ = {
			isa = PBXVariantGroup;
			children = (
				E2443FBC1FA86C6E00E84C65 /* Base */,
			);
			name = Main.storyboard;
			sourceTree = "<group>";
		};
		E2443FC01FA86C6E00E84C65 /* LaunchScreen.storyboard */ = {
			isa = PBXVariantGroup;
			children = (
				E2443FC11FA86C6E00E84C65 /* Base */,
			);
			name = LaunchScreen.storyboard;
			sourceTree = "<group>";
		};
		E245BF391FBAF43F00D85BF7 /* InfoPlist.strings */ = {
			isa = PBXVariantGroup;
			children = (
				E245BF381FBAF43F00D85BF7 /* en */,
				E245BF3A1FBAF48200D85BF7 /* fr */,
				E245BF3B1FBAF48A00D85BF7 /* zh-Hans */,
				E245BF3C1FBAF49000D85BF7 /* zh-Hant */,
				E245BF3D1FBAF49A00D85BF7 /* ko */,
			);
			name = InfoPlist.strings;
			sourceTree = "<group>";
		};
		E245BF421FBAF7BE00D85BF7 /* Localizable.strings */ = {
			isa = PBXVariantGroup;
			children = (
				E245BF411FBAF7BE00D85BF7 /* en */,
				E245BF431FBAF7C000D85BF7 /* fr */,
				E245BF441FBAF7C100D85BF7 /* zh-Hans */,
				E245BF451FBAF7C300D85BF7 /* zh-Hant */,
				E245BF461FBAF7C300D85BF7 /* ko */,
			);
			name = Localizable.strings;
			sourceTree = "<group>";
		};
/* End PBXVariantGroup section */

/* Begin XCBuildConfiguration section */
		E2443FDC1FA86C6E00E84C65 /* Debug */ = {
			isa = XCBuildConfiguration;
			buildSettings = {
				ALWAYS_SEARCH_USER_PATHS = NO;
				CLANG_ANALYZER_LOCALIZABILITY_NONLOCALIZED = YES;
				CLANG_ANALYZER_NONNULL = YES;
				CLANG_ANALYZER_NUMBER_OBJECT_CONVERSION = YES_AGGRESSIVE;
				CLANG_CXX_LANGUAGE_STANDARD = "gnu++14";
				CLANG_CXX_LIBRARY = "libc++";
				CLANG_ENABLE_MODULES = YES;
				CLANG_ENABLE_OBJC_ARC = YES;
				CLANG_WARN_BLOCK_CAPTURE_AUTORELEASING = YES;
				CLANG_WARN_BOOL_CONVERSION = YES;
				CLANG_WARN_COMMA = YES;
				CLANG_WARN_CONSTANT_CONVERSION = YES;
				CLANG_WARN_DIRECT_OBJC_ISA_USAGE = YES_ERROR;
				CLANG_WARN_DOCUMENTATION_COMMENTS = YES;
				CLANG_WARN_EMPTY_BODY = YES;
				CLANG_WARN_ENUM_CONVERSION = YES;
				CLANG_WARN_INFINITE_RECURSION = YES;
				CLANG_WARN_INT_CONVERSION = YES;
				CLANG_WARN_NON_LITERAL_NULL_CONVERSION = YES;
				CLANG_WARN_OBJC_LITERAL_CONVERSION = YES;
				CLANG_WARN_OBJC_ROOT_CLASS = YES_ERROR;
				CLANG_WARN_RANGE_LOOP_ANALYSIS = YES;
				CLANG_WARN_STRICT_PROTOTYPES = YES;
				CLANG_WARN_SUSPICIOUS_MOVE = YES;
				CLANG_WARN_UNGUARDED_AVAILABILITY = YES_AGGRESSIVE;
				CLANG_WARN_UNREACHABLE_CODE = YES;
				CLANG_WARN__DUPLICATE_METHOD_MATCH = YES;
				CODE_SIGN_IDENTITY = "iPhone Developer";
				COPY_PHASE_STRIP = NO;
				DEBUG_INFORMATION_FORMAT = dwarf;
				ENABLE_STRICT_OBJC_MSGSEND = YES;
				ENABLE_TESTABILITY = YES;
				GCC_C_LANGUAGE_STANDARD = gnu11;
				GCC_DYNAMIC_NO_PIC = NO;
				GCC_NO_COMMON_BLOCKS = YES;
				GCC_OPTIMIZATION_LEVEL = 0;
				GCC_PREPROCESSOR_DEFINITIONS = (
					"DEBUG=1",
					"$(inherited)",
				);
				GCC_WARN_64_TO_32_BIT_CONVERSION = YES;
				GCC_WARN_ABOUT_RETURN_TYPE = YES_ERROR;
				GCC_WARN_UNDECLARED_SELECTOR = YES;
				GCC_WARN_UNINITIALIZED_AUTOS = YES_AGGRESSIVE;
				GCC_WARN_UNUSED_FUNCTION = YES;
				GCC_WARN_UNUSED_VARIABLE = YES;
				IPHONEOS_DEPLOYMENT_TARGET = 11.0;
				MTL_ENABLE_DEBUG_INFO = YES;
				ONLY_ACTIVE_ARCH = YES;
				SDKROOT = iphoneos;
			};
			name = Debug;
		};
		E2443FDD1FA86C6E00E84C65 /* Release */ = {
			isa = XCBuildConfiguration;
			buildSettings = {
				ALWAYS_SEARCH_USER_PATHS = NO;
				CLANG_ANALYZER_LOCALIZABILITY_NONLOCALIZED = YES;
				CLANG_ANALYZER_NONNULL = YES;
				CLANG_ANALYZER_NUMBER_OBJECT_CONVERSION = YES_AGGRESSIVE;
				CLANG_CXX_LANGUAGE_STANDARD = "gnu++14";
				CLANG_CXX_LIBRARY = "libc++";
				CLANG_ENABLE_MODULES = YES;
				CLANG_ENABLE_OBJC_ARC = YES;
				CLANG_WARN_BLOCK_CAPTURE_AUTORELEASING = YES;
				CLANG_WARN_BOOL_CONVERSION = YES;
				CLANG_WARN_COMMA = YES;
				CLANG_WARN_CONSTANT_CONVERSION = YES;
				CLANG_WARN_DIRECT_OBJC_ISA_USAGE = YES_ERROR;
				CLANG_WARN_DOCUMENTATION_COMMENTS = YES;
				CLANG_WARN_EMPTY_BODY = YES;
				CLANG_WARN_ENUM_CONVERSION = YES;
				CLANG_WARN_INFINITE_RECURSION = YES;
				CLANG_WARN_INT_CONVERSION = YES;
				CLANG_WARN_NON_LITERAL_NULL_CONVERSION = YES;
				CLANG_WARN_OBJC_LITERAL_CONVERSION = YES;
				CLANG_WARN_OBJC_ROOT_CLASS = YES_ERROR;
				CLANG_WARN_RANGE_LOOP_ANALYSIS = YES;
				CLANG_WARN_STRICT_PROTOTYPES = YES;
				CLANG_WARN_SUSPICIOUS_MOVE = YES;
				CLANG_WARN_UNGUARDED_AVAILABILITY = YES_AGGRESSIVE;
				CLANG_WARN_UNREACHABLE_CODE = YES;
				CLANG_WARN__DUPLICATE_METHOD_MATCH = YES;
				CODE_SIGN_IDENTITY = "iPhone Developer";
				COPY_PHASE_STRIP = NO;
				DEBUG_INFORMATION_FORMAT = "dwarf-with-dsym";
				ENABLE_NS_ASSERTIONS = NO;
				ENABLE_STRICT_OBJC_MSGSEND = YES;
				GCC_C_LANGUAGE_STANDARD = gnu11;
				GCC_NO_COMMON_BLOCKS = YES;
				GCC_WARN_64_TO_32_BIT_CONVERSION = YES;
				GCC_WARN_ABOUT_RETURN_TYPE = YES_ERROR;
				GCC_WARN_UNDECLARED_SELECTOR = YES;
				GCC_WARN_UNINITIALIZED_AUTOS = YES_AGGRESSIVE;
				GCC_WARN_UNUSED_FUNCTION = YES;
				GCC_WARN_UNUSED_VARIABLE = YES;
				IPHONEOS_DEPLOYMENT_TARGET = 11.0;
				MTL_ENABLE_DEBUG_INFO = NO;
				SDKROOT = iphoneos;
				VALIDATE_PRODUCT = YES;
			};
			name = Release;
		};
		E2443FDF1FA86C6E00E84C65 /* Debug */ = {
			isa = XCBuildConfiguration;
			baseConfigurationReference = 801ABD53072112AB10E53CF7 /* Pods-NNews.debug.xcconfig */;
			buildSettings = {
				ASSETCATALOG_COMPILER_APPICON_NAME = AppIcon;
				CODE_SIGN_STYLE = Automatic;
				DEVELOPMENT_TEAM = 5VMH39C98C;
				GCC_PREFIX_HEADER = "$(PROJECT_NAME)/PrefixHeader.h";
				INFOPLIST_FILE = NNews/Info.plist;
				IPHONEOS_DEPLOYMENT_TARGET = 9.0;
				LD_RUNPATH_SEARCH_PATHS = "$(inherited) @executable_path/Frameworks";
				PRODUCT_BUNDLE_IDENTIFIER = Text.NNews;
				PRODUCT_NAME = "$(TARGET_NAME)";
				TARGETED_DEVICE_FAMILY = "1,2";
			};
			name = Debug;
		};
		E2443FE01FA86C6E00E84C65 /* Release */ = {
			isa = XCBuildConfiguration;
			baseConfigurationReference = DB3DA298AE23B0C5F601BC3E /* Pods-NNews.release.xcconfig */;
			buildSettings = {
				ASSETCATALOG_COMPILER_APPICON_NAME = AppIcon;
				CODE_SIGN_STYLE = Automatic;
				DEVELOPMENT_TEAM = 5VMH39C98C;
				GCC_PREFIX_HEADER = "$(PROJECT_NAME)/PrefixHeader.h";
				INFOPLIST_FILE = NNews/Info.plist;
				IPHONEOS_DEPLOYMENT_TARGET = 9.0;
				LD_RUNPATH_SEARCH_PATHS = "$(inherited) @executable_path/Frameworks";
				PRODUCT_BUNDLE_IDENTIFIER = Text.NNews;
				PRODUCT_NAME = "$(TARGET_NAME)";
				TARGETED_DEVICE_FAMILY = "1,2";
			};
			name = Release;
		};
/* End XCBuildConfiguration section */

/* Begin XCConfigurationList section */
		E2443FAD1FA86C6D00E84C65 /* Build configuration list for PBXProject "NNews" */ = {
			isa = XCConfigurationList;
			buildConfigurations = (
				E2443FDC1FA86C6E00E84C65 /* Debug */,
				E2443FDD1FA86C6E00E84C65 /* Release */,
			);
			defaultConfigurationIsVisible = 0;
			defaultConfigurationName = Release;
		};
		E2443FDE1FA86C6E00E84C65 /* Build configuration list for PBXNativeTarget "NNews" */ = {
			isa = XCConfigurationList;
			buildConfigurations = (
				E2443FDF1FA86C6E00E84C65 /* Debug */,
				E2443FE01FA86C6E00E84C65 /* Release */,
			);
			defaultConfigurationIsVisible = 0;
			defaultConfigurationName = Release;
		};
/* End XCConfigurationList section */
	};
	rootObject = E2443FAA1FA86C6D00E84C65 /* Project object */;
}
